PODS:
  - Alamofire (4.9.0)
  - Fuzi (3.1.1)
  - IBAnimatable (6.0.0)
  - MJRefresh (3.2.0)
  - Realm (3.19.0):
    - Realm/Headers (= 3.19.0)
  - Realm/Headers (3.19.0)
  - RealmSwift (3.19.0):
    - Realm (= 3.19.0)
  - SVProgressHUD (2.2.5)

DEPENDENCIES:
  - Alamofire
  - Fuzi
  - IBAnimatable
  - MJRefresh
  - RealmSwift
  - SVProgressHUD

SPEC REPOS:
  https://github.com/cocoapods/specs.git:
    - Alamofire
    - Fuzi
    - IBAnimatable
    - MJRefresh
    - Realm
    - RealmSwift
    - SVProgressHUD

SPEC CHECKSUMS:
  Alamofire: afc3e7c6db61476cb45cdd23fed06bad03bbc321
  Fuzi: bcc5694488dd6e672e126cbf3c5471d7a79506d1
  IBAnimatable: d49f9fee0c401b5b08d31b77256b77fb067e0e92
  MJRefresh: ed450d6eb9d3346a2cb033ab7eb6de090aeef437
  Realm: 995d585bcf699aaff226715886c849a29dd3d07f
  RealmSwift: 35f284a537989f2187b413e5917091948cb87a3f
  SVProgressHUD: 1428aafac632c1f86f62aa4243ec12008d7a51d6

PODFILE CHECKSUM: acbe3c68edb2c2ab6c2cb0d51ed6c917468028bb

COCOAPODS: 1.7.5
