PODS:
  - Alamofire (4.8.2)
  - Fuzi (3.0.0)
  - IBAnimatable (5.2.1)
  - MJRefresh (3.1.16)
  - Realm (3.14.1):
    - Realm/Headers (= 3.14.1)
  - Realm/Headers (3.14.1)
  - RealmSwift (3.14.1):
    - Realm (= 3.14.1)
  - SVProgressHUD (2.2.5)

DEPENDENCIES:
  - Alamofire
  - Fuzi
  - IBAnimatable
  - MJRefresh
  - RealmSwift
  - SVProgressHUD

SPEC REPOS:
  https://github.com/cocoapods/specs.git:
    - Alamofire
    - Fuzi
    - IBAnimatable
    - MJRefresh
    - Realm
    - RealmSwift
    - SVProgressHUD

SPEC CHECKSUMS:
  Alamofire: ae5c501addb7afdbb13687d7f2f722c78734c2d3
  Fuzi: a758e57fab9fbec6fd218ea7f2e00aa79325a93a
  IBAnimatable: a46b835ec6875178516cf7e014a40194d6bfa3fc
  MJRefresh: 7798e16e53a5ef7f332dd05b27664db4e29530fd
  Realm: e12c9c2387d05c5bba3a9c394838f5870e85763b
  RealmSwift: a82eab9b04c3e1616082c7e17aa300740847769c
  SVProgressHUD: 1428aafac632c1f86f62aa4243ec12008d7a51d6

PODFILE CHECKSUM: 8c0aadacd7c50860f07abc4a0cbabdacc4347869

COCOAPODS: 1.6.1
