// !$*UTF8*$!
{
	archiveVersion = 1;
	classes = {
	};
	objectVersion = 46;
	objects = {

/* Begin PBXBuildFile section */
		105E10C3E7420E7532F6CE9D /* Pods_ShadowsocksFree.framework in Frameworks */ = {isa = PBXBuildFile; fileRef = 9BD2E2C0E986A5A63E924725 /* Pods_ShadowsocksFree.framework */; };
		1D10D67E1FD7ECD00013C6EA /* AlertMSG.swift in Sources */ = {isa = PBXBuildFile; fileRef = 1D10D67D1FD7ECD00013C6EA /* AlertMSG.swift */; };
		1D8D0A291FCBED0200DA470A /* HeaderView.swift in Sources */ = {isa = PBXBuildFile; fileRef = 1D8D0A281FCBED0200DA470A /* HeaderView.swift */; };
		1DC407B31FCC580200132269 /* StoreKit.framework in Frameworks */ = {isa = PBXBuildFile; fileRef = 1DC407B21FCC580200132269 /* StoreKit.framework */; };
		1DC407B51FCCEF4700132269 /* ViewController.swift in Sources */ = {isa = PBXBuildFile; fileRef = 1DC407B41FCCEF4700132269 /* ViewController.swift */; };
		1DC407BA1FCCF76200132269 /* QRCollectionViewCell.xib in Resources */ = {isa = PBXBuildFile; fileRef = 1DC407B81FCCF76100132269 /* QRCollectionViewCell.xib */; };
		1DC407BB1FCCF76200132269 /* QRCollectionViewCell.swift in Sources */ = {isa = PBXBuildFile; fileRef = 1DC407B91FCCF76200132269 /* QRCollectionViewCell.swift */; };
		1DC407BE1FCCF79200132269 /* QRCollectionReusableHeaderView.xib in Resources */ = {isa = PBXBuildFile; fileRef = 1DC407BC1FCCF79100132269 /* QRCollectionReusableHeaderView.xib */; };
		1DC407BF1FCCF79200132269 /* QRCollectionReusableHeaderView.swift in Sources */ = {isa = PBXBuildFile; fileRef = 1DC407BD1FCCF79200132269 /* QRCollectionReusableHeaderView.swift */; };
		1DC407C11FCD51E300132269 /* GuideViewController.swift in Sources */ = {isa = PBXBuildFile; fileRef = 1DC407C01FCD51E300132269 /* GuideViewController.swift */; };
		1DC407C41FCD5B9900132269 /* Localizable.strings in Resources */ = {isa = PBXBuildFile; fileRef = 1DC407C61FCD5B9900132269 /* Localizable.strings */; };
		2A33CE9C1D1C0642000F652A /* Model.swift in Sources */ = {isa = PBXBuildFile; fileRef = 2A33CE9B1D1C0642000F652A /* Model.swift */; };
		2A33CEA41D1C067B000F652A /* QRViewController.swift in Sources */ = {isa = PBXBuildFile; fileRef = 2A33CEA01D1C067B000F652A /* QRViewController.swift */; };
		2A33CEB71D1C0711000F652A /* QRImageCreate.swift in Sources */ = {isa = PBXBuildFile; fileRef = 2A33CEB61D1C0711000F652A /* QRImageCreate.swift */; };
		2AD2827D1CD8520800C4655E /* AppDelegate.swift in Sources */ = {isa = PBXBuildFile; fileRef = 2AD2827C1CD8520800C4655E /* AppDelegate.swift */; };
		2AD282821CD8520800C4655E /* Main.storyboard in Resources */ = {isa = PBXBuildFile; fileRef = 2AD282801CD8520800C4655E /* Main.storyboard */; };
		2AD282841CD8520800C4655E /* Assets.xcassets in Resources */ = {isa = PBXBuildFile; fileRef = 2AD282831CD8520800C4655E /* Assets.xcassets */; };
		2AD282871CD8520800C4655E /* LaunchScreen.storyboard in Resources */ = {isa = PBXBuildFile; fileRef = 2AD282851CD8520800C4655E /* LaunchScreen.storyboard */; };
		E989C101DA0FEE619AC011D7 /* Pods-ShadowsocksFree-metadata.plist in Resources */ = {isa = PBXBuildFile; fileRef = 7CE7C0EDB3D1CD2109DBF025 /* Pods-ShadowsocksFree-metadata.plist */; };
/* End PBXBuildFile section */

/* Begin PBXFileReference section */
		1D10D67D1FD7ECD00013C6EA /* AlertMSG.swift */ = {isa = PBXFileReference; lastKnownFileType = sourcecode.swift; path = AlertMSG.swift; sourceTree = "<group>"; };
		1D8D0A281FCBED0200DA470A /* HeaderView.swift */ = {isa = PBXFileReference; lastKnownFileType = sourcecode.swift; path = HeaderView.swift; sourceTree = "<group>"; };
		1DC407B21FCC580200132269 /* StoreKit.framework */ = {isa = PBXFileReference; lastKnownFileType = wrapper.framework; name = StoreKit.framework; path = System/Library/Frameworks/StoreKit.framework; sourceTree = SDKROOT; };
		1DC407B41FCCEF4700132269 /* ViewController.swift */ = {isa = PBXFileReference; lastKnownFileType = sourcecode.swift; path = ViewController.swift; sourceTree = "<group>"; };
		1DC407B81FCCF76100132269 /* QRCollectionViewCell.xib */ = {isa = PBXFileReference; fileEncoding = 4; lastKnownFileType = file.xib; path = QRCollectionViewCell.xib; sourceTree = "<group>"; };
		1DC407B91FCCF76200132269 /* QRCollectionViewCell.swift */ = {isa = PBXFileReference; fileEncoding = 4; lastKnownFileType = sourcecode.swift; path = QRCollectionViewCell.swift; sourceTree = "<group>"; };
		1DC407BC1FCCF79100132269 /* QRCollectionReusableHeaderView.xib */ = {isa = PBXFileReference; fileEncoding = 4; lastKnownFileType = file.xib; path = QRCollectionReusableHeaderView.xib; sourceTree = "<group>"; };
		1DC407BD1FCCF79200132269 /* QRCollectionReusableHeaderView.swift */ = {isa = PBXFileReference; fileEncoding = 4; lastKnownFileType = sourcecode.swift; path = QRCollectionReusableHeaderView.swift; sourceTree = "<group>"; };
		1DC407C01FCD51E300132269 /* GuideViewController.swift */ = {isa = PBXFileReference; lastKnownFileType = sourcecode.swift; path = GuideViewController.swift; sourceTree = "<group>"; };
		1DC407C51FCD5B9900132269 /* en */ = {isa = PBXFileReference; lastKnownFileType = text.plist.strings; name = en; path = en.lproj/Localizable.strings; sourceTree = "<group>"; };
		1DC407CB1FCD5C6600132269 /* zh-Hans */ = {isa = PBXFileReference; lastKnownFileType = text.plist.strings; name = "zh-Hans"; path = "zh-Hans.lproj/Localizable.strings"; sourceTree = "<group>"; };
		2A33CE9B1D1C0642000F652A /* Model.swift */ = {isa = PBXFileReference; fileEncoding = 4; lastKnownFileType = sourcecode.swift; path = Model.swift; sourceTree = "<group>"; };
		2A33CEA01D1C067B000F652A /* QRViewController.swift */ = {isa = PBXFileReference; fileEncoding = 4; lastKnownFileType = sourcecode.swift; path = QRViewController.swift; sourceTree = "<group>"; };
		2A33CEB61D1C0711000F652A /* QRImageCreate.swift */ = {isa = PBXFileReference; fileEncoding = 4; lastKnownFileType = sourcecode.swift; path = QRImageCreate.swift; sourceTree = "<group>"; };
		2AD282791CD8520800C4655E /* ShadowsocksFree.app */ = {isa = PBXFileReference; explicitFileType = wrapper.application; includeInIndex = 0; path = ShadowsocksFree.app; sourceTree = BUILT_PRODUCTS_DIR; };
		2AD2827C1CD8520800C4655E /* AppDelegate.swift */ = {isa = PBXFileReference; lastKnownFileType = sourcecode.swift; path = AppDelegate.swift; sourceTree = "<group>"; };
		2AD282811CD8520800C4655E /* Base */ = {isa = PBXFileReference; lastKnownFileType = file.storyboard; name = Base; path = Base.lproj/Main.storyboard; sourceTree = "<group>"; };
		2AD282831CD8520800C4655E /* Assets.xcassets */ = {isa = PBXFileReference; lastKnownFileType = folder.assetcatalog; path = Assets.xcassets; sourceTree = "<group>"; };
		2AD282861CD8520800C4655E /* Base */ = {isa = PBXFileReference; lastKnownFileType = file.storyboard; name = Base; path = Base.lproj/LaunchScreen.storyboard; sourceTree = "<group>"; };
		2AD282881CD8520800C4655E /* Info.plist */ = {isa = PBXFileReference; lastKnownFileType = text.plist.xml; path = Info.plist; sourceTree = "<group>"; };
		7CE7C0EDB3D1CD2109DBF025 /* Pods-ShadowsocksFree-metadata.plist */ = {isa = PBXFileReference; includeInIndex = 1; lastKnownFileType = text.plist.xml; name = "Pods-ShadowsocksFree-metadata.plist"; path = "Pods/Pods-ShadowsocksFree-metadata.plist"; sourceTree = "<group>"; };
		9BD2E2C0E986A5A63E924725 /* Pods_ShadowsocksFree.framework */ = {isa = PBXFileReference; explicitFileType = wrapper.framework; includeInIndex = 0; path = Pods_ShadowsocksFree.framework; sourceTree = BUILT_PRODUCTS_DIR; };
		9DC121B21320A626A75E4D59 /* Pods.framework */ = {isa = PBXFileReference; explicitFileType = wrapper.framework; includeInIndex = 0; path = Pods.framework; sourceTree = BUILT_PRODUCTS_DIR; };
		9E9628EBA50EBD12EDA813B3 /* Pods-ShadowsocksFree.debug.xcconfig */ = {isa = PBXFileReference; includeInIndex = 1; lastKnownFileType = text.xcconfig; name = "Pods-ShadowsocksFree.debug.xcconfig"; path = "Pods/Target Support Files/Pods-ShadowsocksFree/Pods-ShadowsocksFree.debug.xcconfig"; sourceTree = "<group>"; };
		AC923A7DB871A38B57BD3C23 /* Pods-ShadowsocksFree.release.xcconfig */ = {isa = PBXFileReference; includeInIndex = 1; lastKnownFileType = text.xcconfig; name = "Pods-ShadowsocksFree.release.xcconfig"; path = "Pods/Target Support Files/Pods-ShadowsocksFree/Pods-ShadowsocksFree.release.xcconfig"; sourceTree = "<group>"; };
/* End PBXFileReference section */

/* Begin PBXFrameworksBuildPhase section */
		2AD282761CD8520800C4655E /* Frameworks */ = {
			isa = PBXFrameworksBuildPhase;
			buildActionMask = 2147483647;
			files = (
				105E10C3E7420E7532F6CE9D /* Pods_ShadowsocksFree.framework in Frameworks */,
				1DC407B31FCC580200132269 /* StoreKit.framework in Frameworks */,
			);
			runOnlyForDeploymentPostprocessing = 0;
		};
/* End PBXFrameworksBuildPhase section */

/* Begin PBXGroup section */
		2A33CE9A1D1C0622000F652A /* Model */ = {
			isa = PBXGroup;
			children = (
				2A33CE9B1D1C0642000F652A /* Model.swift */,
			);
			path = Model;
			sourceTree = "<group>";
		};
		2A33CE9D1D1C067B000F652A /* ViewController */ = {
			isa = PBXGroup;
			children = (
				1DC407C01FCD51E300132269 /* GuideViewController.swift */,
				2A33CEA01D1C067B000F652A /* QRViewController.swift */,
				1DC407B41FCCEF4700132269 /* ViewController.swift */,
			);
			path = ViewController;
			sourceTree = "<group>";
		};
		2A33CEA61D1C06BE000F652A /* View */ = {
			isa = PBXGroup;
			children = (
				1DC407BD1FCCF79200132269 /* QRCollectionReusableHeaderView.swift */,
				1DC407BC1FCCF79100132269 /* QRCollectionReusableHeaderView.xib */,
				1DC407B91FCCF76200132269 /* QRCollectionViewCell.swift */,
				1DC407B81FCCF76100132269 /* QRCollectionViewCell.xib */,
				1D8D0A281FCBED0200DA470A /* HeaderView.swift */,
			);
			path = View;
			sourceTree = "<group>";
		};
		2A33CEB51D1C0711000F652A /* Tool */ = {
			isa = PBXGroup;
			children = (
				2A33CEB61D1C0711000F652A /* QRImageCreate.swift */,
				1D10D67D1FD7ECD00013C6EA /* AlertMSG.swift */,
			);
			path = Tool;
			sourceTree = "<group>";
		};
		2A520E271D5700CE0023F283 /* Resource */ = {
			isa = PBXGroup;
			children = (
				1DC407C61FCD5B9900132269 /* Localizable.strings */,
			);
			path = Resource;
			sourceTree = "<group>";
		};
		2AD282701CD8520800C4655E = {
			isa = PBXGroup;
			children = (
				2AD2827B1CD8520800C4655E /* ShadowsocksFree */,
				2AD2827A1CD8520800C4655E /* Products */,
				49CDE42A6D9F863670ED9EFB /* Frameworks */,
				8F64B6EDB226140149B989A8 /* Pods */,
			);
			sourceTree = "<group>";
		};
		2AD2827A1CD8520800C4655E /* Products */ = {
			isa = PBXGroup;
			children = (
				2AD282791CD8520800C4655E /* ShadowsocksFree.app */,
			);
			name = Products;
			sourceTree = "<group>";
		};
		2AD2827B1CD8520800C4655E /* ShadowsocksFree */ = {
			isa = PBXGroup;
			children = (
				2A520E271D5700CE0023F283 /* Resource */,
				2A33CEB51D1C0711000F652A /* Tool */,
				2A33CEA61D1C06BE000F652A /* View */,
				2A33CE9D1D1C067B000F652A /* ViewController */,
				2A33CE9A1D1C0622000F652A /* Model */,
				2AD2827C1CD8520800C4655E /* AppDelegate.swift */,
				2AD282801CD8520800C4655E /* Main.storyboard */,
				2AD282831CD8520800C4655E /* Assets.xcassets */,
				2AD282851CD8520800C4655E /* LaunchScreen.storyboard */,
				2AD282881CD8520800C4655E /* Info.plist */,
			);
			path = ShadowsocksFree;
			sourceTree = "<group>";
		};
		49CDE42A6D9F863670ED9EFB /* Frameworks */ = {
			isa = PBXGroup;
			children = (
				1DC407B21FCC580200132269 /* StoreKit.framework */,
				9DC121B21320A626A75E4D59 /* Pods.framework */,
				9BD2E2C0E986A5A63E924725 /* Pods_ShadowsocksFree.framework */,
			);
			name = Frameworks;
			sourceTree = "<group>";
		};
		8F64B6EDB226140149B989A8 /* Pods */ = {
			isa = PBXGroup;
			children = (
				9E9628EBA50EBD12EDA813B3 /* Pods-ShadowsocksFree.debug.xcconfig */,
				AC923A7DB871A38B57BD3C23 /* Pods-ShadowsocksFree.release.xcconfig */,
				7CE7C0EDB3D1CD2109DBF025 /* Pods-ShadowsocksFree-metadata.plist */,
			);
			name = Pods;
			sourceTree = "<group>";
		};
/* End PBXGroup section */

/* Begin PBXNativeTarget section */
		2AD282781CD8520800C4655E /* ShadowsocksFree */ = {
			isa = PBXNativeTarget;
			buildConfigurationList = 2AD282A11CD8520800C4655E /* Build configuration list for PBXNativeTarget "ShadowsocksFree" */;
			buildPhases = (
				69B8B32CF2073B98B82AD6B6 /* [CP] Check Pods Manifest.lock */,
				2AD282751CD8520800C4655E /* Sources */,
				2AD282761CD8520800C4655E /* Frameworks */,
				2AD282771CD8520800C4655E /* Resources */,
				3F2B30CC7A2EB4D65F7F06C0 /* [CP] Embed Pods Frameworks */,
				9E19BEC1CBFCE35F64C66896 /* [CP] Copy Pods Resources */,
			);
			buildRules = (
			);
			dependencies = (
			);
			name = ShadowsocksFree;
			productName = ShadowsocksFree;
			productReference = 2AD282791CD8520800C4655E /* ShadowsocksFree.app */;
			productType = "com.apple.product-type.application";
		};
/* End PBXNativeTarget section */

/* Begin PBXProject section */
		2AD282711CD8520800C4655E /* Project object */ = {
			isa = PBXProject;
			attributes = {
				LastSwiftUpdateCheck = 0730;
				LastUpgradeCheck = 0910;
				ORGANIZATIONNAME = "成璐飞";
				TargetAttributes = {
					2AD282781CD8520800C4655E = {
						CreatedOnToolsVersion = 7.3;
						DevelopmentTeam = C5WAW7Z979;
						LastSwiftMigration = 0800;
						SystemCapabilities = {
							com.apple.InAppPurchase = {
								enabled = 1;
							};
							com.apple.Keychain = {
								enabled = 0;
							};
						};
					};
				};
			};
			buildConfigurationList = 2AD282741CD8520800C4655E /* Build configuration list for PBXProject "ShadowsocksFree" */;
			compatibilityVersion = "Xcode 3.2";
			developmentRegion = English;
			hasScannedForEncodings = 0;
			knownRegions = (
				en,
				Base,
				"zh-Hans",
			);
			mainGroup = 2AD282701CD8520800C4655E;
			productRefGroup = 2AD2827A1CD8520800C4655E /* Products */;
			projectDirPath = "";
			projectRoot = "";
			targets = (
				2AD282781CD8520800C4655E /* ShadowsocksFree */,
			);
		};
/* End PBXProject section */

/* Begin PBXResourcesBuildPhase section */
		2AD282771CD8520800C4655E /* Resources */ = {
			isa = PBXResourcesBuildPhase;
			buildActionMask = 2147483647;
			files = (
				2AD282871CD8520800C4655E /* LaunchScreen.storyboard in Resources */,
				2AD282841CD8520800C4655E /* Assets.xcassets in Resources */,
				2AD282821CD8520800C4655E /* Main.storyboard in Resources */,
				1DC407C41FCD5B9900132269 /* Localizable.strings in Resources */,
				E989C101DA0FEE619AC011D7 /* Pods-ShadowsocksFree-metadata.plist in Resources */,
				1DC407BA1FCCF76200132269 /* QRCollectionViewCell.xib in Resources */,
				1DC407BE1FCCF79200132269 /* QRCollectionReusableHeaderView.xib in Resources */,
			);
			runOnlyForDeploymentPostprocessing = 0;
		};
/* End PBXResourcesBuildPhase section */

/* Begin PBXShellScriptBuildPhase section */
		3F2B30CC7A2EB4D65F7F06C0 /* [CP] Embed Pods Frameworks */ = {
			isa = PBXShellScriptBuildPhase;
			buildActionMask = 2147483647;
			files = (
			);
			inputPaths = (
				"${SRCROOT}/Pods/Target Support Files/Pods-ShadowsocksFree/Pods-ShadowsocksFree-frameworks.sh",
				"${BUILT_PRODUCTS_DIR}/Alamofire/Alamofire.framework",
				"${BUILT_PRODUCTS_DIR}/Fuzi/Fuzi.framework",
				"${BUILT_PRODUCTS_DIR}/IBAnimatable/IBAnimatable.framework",
				"${BUILT_PRODUCTS_DIR}/MJRefresh/MJRefresh.framework",
				"${BUILT_PRODUCTS_DIR}/Realm/Realm.framework",
				"${BUILT_PRODUCTS_DIR}/RealmSwift/RealmSwift.framework",
			);
			name = "[CP] Embed Pods Frameworks";
			outputPaths = (
				"${TARGET_BUILD_DIR}/${FRAMEWORKS_FOLDER_PATH}/Alamofire.framework",
				"${TARGET_BUILD_DIR}/${FRAMEWORKS_FOLDER_PATH}/Fuzi.framework",
				"${TARGET_BUILD_DIR}/${FRAMEWORKS_FOLDER_PATH}/IBAnimatable.framework",
				"${TARGET_BUILD_DIR}/${FRAMEWORKS_FOLDER_PATH}/MJRefresh.framework",
				"${TARGET_BUILD_DIR}/${FRAMEWORKS_FOLDER_PATH}/Realm.framework",
				"${TARGET_BUILD_DIR}/${FRAMEWORKS_FOLDER_PATH}/RealmSwift.framework",
			);
			runOnlyForDeploymentPostprocessing = 0;
			shellPath = /bin/sh;
			shellScript = "\"${SRCROOT}/Pods/Target Support Files/Pods-ShadowsocksFree/Pods-ShadowsocksFree-frameworks.sh\"\n";
			showEnvVarsInLog = 0;
		};
		69B8B32CF2073B98B82AD6B6 /* [CP] Check Pods Manifest.lock */ = {
			isa = PBXShellScriptBuildPhase;
			buildActionMask = 2147483647;
			files = (
			);
			inputPaths = (
				"${PODS_PODFILE_DIR_PATH}/Podfile.lock",
				"${PODS_ROOT}/Manifest.lock",
			);
			name = "[CP] Check Pods Manifest.lock";
			outputPaths = (
				"$(DERIVED_FILE_DIR)/Pods-ShadowsocksFree-checkManifestLockResult.txt",
			);
			runOnlyForDeploymentPostprocessing = 0;
			shellPath = /bin/sh;
			shellScript = "diff \"${PODS_PODFILE_DIR_PATH}/Podfile.lock\" \"${PODS_ROOT}/Manifest.lock\" > /dev/null\nif [ $? != 0 ] ; then\n    # print error to STDERR\n    echo \"error: The sandbox is not in sync with the Podfile.lock. Run 'pod install' or update your CocoaPods installation.\" >&2\n    exit 1\nfi\n# This output is used by Xcode 'outputs' to avoid re-running this script phase.\necho \"SUCCESS\" > \"${SCRIPT_OUTPUT_FILE_0}\"\n";
			showEnvVarsInLog = 0;
		};
		9E19BEC1CBFCE35F64C66896 /* [CP] Copy Pods Resources */ = {
			isa = PBXShellScriptBuildPhase;
			buildActionMask = 2147483647;
			files = (
			);
			inputPaths = (
			);
			name = "[CP] Copy Pods Resources";
			outputPaths = (
			);
			runOnlyForDeploymentPostprocessing = 0;
			shellPath = /bin/sh;
			shellScript = "\"${SRCROOT}/Pods/Target Support Files/Pods-ShadowsocksFree/Pods-ShadowsocksFree-resources.sh\"\n";
			showEnvVarsInLog = 0;
		};
/* End PBXShellScriptBuildPhase section */

/* Begin PBXSourcesBuildPhase section */
		2AD282751CD8520800C4655E /* Sources */ = {
			isa = PBXSourcesBuildPhase;
			buildActionMask = 2147483647;
			files = (
				1DC407BF1FCCF79200132269 /* QRCollectionReusableHeaderView.swift in Sources */,
				1DC407BB1FCCF76200132269 /* QRCollectionViewCell.swift in Sources */,
				1DC407C11FCD51E300132269 /* GuideViewController.swift in Sources */,
				2A33CEA41D1C067B000F652A /* QRViewController.swift in Sources */,
				1DC407B51FCCEF4700132269 /* ViewController.swift in Sources */,
				2A33CEB71D1C0711000F652A /* QRImageCreate.swift in Sources */,
				1D8D0A291FCBED0200DA470A /* HeaderView.swift in Sources */,
				1D10D67E1FD7ECD00013C6EA /* AlertMSG.swift in Sources */,
				2AD2827D1CD8520800C4655E /* AppDelegate.swift in Sources */,
				2A33CE9C1D1C0642000F652A /* Model.swift in Sources */,
			);
			runOnlyForDeploymentPostprocessing = 0;
		};
/* End PBXSourcesBuildPhase section */

/* Begin PBXVariantGroup section */
		1DC407C61FCD5B9900132269 /* Localizable.strings */ = {
			isa = PBXVariantGroup;
			children = (
				1DC407C51FCD5B9900132269 /* en */,
				1DC407CB1FCD5C6600132269 /* zh-Hans */,
			);
			name = Localizable.strings;
			sourceTree = "<group>";
		};
		2AD282801CD8520800C4655E /* Main.storyboard */ = {
			isa = PBXVariantGroup;
			children = (
				2AD282811CD8520800C4655E /* Base */,
			);
			name = Main.storyboard;
			sourceTree = "<group>";
		};
		2AD282851CD8520800C4655E /* LaunchScreen.storyboard */ = {
			isa = PBXVariantGroup;
			children = (
				2AD282861CD8520800C4655E /* Base */,
			);
			name = LaunchScreen.storyboard;
			sourceTree = "<group>";
		};
/* End PBXVariantGroup section */

/* Begin XCBuildConfiguration section */
		2AD2829F1CD8520800C4655E /* Debug */ = {
			isa = XCBuildConfiguration;
			buildSettings = {
				ALWAYS_SEARCH_USER_PATHS = NO;
				CLANG_ANALYZER_LOCALIZABILITY_NONLOCALIZED = YES;
				CLANG_ANALYZER_NONNULL = YES;
				CLANG_CXX_LANGUAGE_STANDARD = "gnu++0x";
				CLANG_CXX_LIBRARY = "libc++";
				CLANG_ENABLE_MODULES = YES;
				CLANG_ENABLE_OBJC_ARC = YES;
				CLANG_WARN_BLOCK_CAPTURE_AUTORELEASING = YES;
				CLANG_WARN_BOOL_CONVERSION = YES;
				CLANG_WARN_COMMA = YES;
				CLANG_WARN_CONSTANT_CONVERSION = YES;
				CLANG_WARN_DIRECT_OBJC_ISA_USAGE = YES_ERROR;
				CLANG_WARN_EMPTY_BODY = YES;
				CLANG_WARN_ENUM_CONVERSION = YES;
				CLANG_WARN_INFINITE_RECURSION = YES;
				CLANG_WARN_INT_CONVERSION = YES;
				CLANG_WARN_NON_LITERAL_NULL_CONVERSION = YES;
				CLANG_WARN_OBJC_LITERAL_CONVERSION = YES;
				CLANG_WARN_OBJC_ROOT_CLASS = YES_ERROR;
				CLANG_WARN_RANGE_LOOP_ANALYSIS = YES;
				CLANG_WARN_STRICT_PROTOTYPES = YES;
				CLANG_WARN_SUSPICIOUS_MOVE = YES;
				CLANG_WARN_UNREACHABLE_CODE = YES;
				CLANG_WARN__DUPLICATE_METHOD_MATCH = YES;
				"CODE_SIGN_IDENTITY[sdk=iphoneos*]" = "iPhone Developer";
				COPY_PHASE_STRIP = NO;
				DEBUG_INFORMATION_FORMAT = dwarf;
				ENABLE_STRICT_OBJC_MSGSEND = YES;
				ENABLE_TESTABILITY = YES;
				GCC_C_LANGUAGE_STANDARD = gnu99;
				GCC_DYNAMIC_NO_PIC = NO;
				GCC_NO_COMMON_BLOCKS = YES;
				GCC_OPTIMIZATION_LEVEL = 0;
				GCC_PREPROCESSOR_DEFINITIONS = (
					"DEBUG=1",
					"$(inherited)",
				);
				GCC_WARN_64_TO_32_BIT_CONVERSION = YES;
				GCC_WARN_ABOUT_RETURN_TYPE = YES_ERROR;
				GCC_WARN_UNDECLARED_SELECTOR = YES;
				GCC_WARN_UNINITIALIZED_AUTOS = YES_AGGRESSIVE;
				GCC_WARN_UNUSED_FUNCTION = YES;
				GCC_WARN_UNUSED_VARIABLE = YES;
				IPHONEOS_DEPLOYMENT_TARGET = 9.3;
				MTL_ENABLE_DEBUG_INFO = YES;
				ONLY_ACTIVE_ARCH = YES;
				SDKROOT = iphoneos;
				SWIFT_OPTIMIZATION_LEVEL = "-Onone";
				SWIFT_VERSION = 4.0;
				TARGETED_DEVICE_FAMILY = "1,2";
			};
			name = Debug;
		};
		2AD282A01CD8520800C4655E /* Release */ = {
			isa = XCBuildConfiguration;
			buildSettings = {
				ALWAYS_SEARCH_USER_PATHS = NO;
				CLANG_ANALYZER_LOCALIZABILITY_NONLOCALIZED = YES;
				CLANG_ANALYZER_NONNULL = YES;
				CLANG_CXX_LANGUAGE_STANDARD = "gnu++0x";
				CLANG_CXX_LIBRARY = "libc++";
				CLANG_ENABLE_MODULES = YES;
				CLANG_ENABLE_OBJC_ARC = YES;
				CLANG_WARN_BLOCK_CAPTURE_AUTORELEASING = YES;
				CLANG_WARN_BOOL_CONVERSION = YES;
				CLANG_WARN_COMMA = YES;
				CLANG_WARN_CONSTANT_CONVERSION = YES;
				CLANG_WARN_DIRECT_OBJC_ISA_USAGE = YES_ERROR;
				CLANG_WARN_EMPTY_BODY = YES;
				CLANG_WARN_ENUM_CONVERSION = YES;
				CLANG_WARN_INFINITE_RECURSION = YES;
				CLANG_WARN_INT_CONVERSION = YES;
				CLANG_WARN_NON_LITERAL_NULL_CONVERSION = YES;
				CLANG_WARN_OBJC_LITERAL_CONVERSION = YES;
				CLANG_WARN_OBJC_ROOT_CLASS = YES_ERROR;
				CLANG_WARN_RANGE_LOOP_ANALYSIS = YES;
				CLANG_WARN_STRICT_PROTOTYPES = YES;
				CLANG_WARN_SUSPICIOUS_MOVE = YES;
				CLANG_WARN_UNREACHABLE_CODE = YES;
				CLANG_WARN__DUPLICATE_METHOD_MATCH = YES;
				"CODE_SIGN_IDENTITY[sdk=iphoneos*]" = "iPhone Developer";
				COPY_PHASE_STRIP = NO;
				DEBUG_INFORMATION_FORMAT = "dwarf-with-dsym";
				ENABLE_NS_ASSERTIONS = NO;
				ENABLE_STRICT_OBJC_MSGSEND = YES;
				GCC_C_LANGUAGE_STANDARD = gnu99;
				GCC_NO_COMMON_BLOCKS = YES;
				GCC_WARN_64_TO_32_BIT_CONVERSION = YES;
				GCC_WARN_ABOUT_RETURN_TYPE = YES_ERROR;
				GCC_WARN_UNDECLARED_SELECTOR = YES;
				GCC_WARN_UNINITIALIZED_AUTOS = YES_AGGRESSIVE;
				GCC_WARN_UNUSED_FUNCTION = YES;
				GCC_WARN_UNUSED_VARIABLE = YES;
				IPHONEOS_DEPLOYMENT_TARGET = 9.3;
				MTL_ENABLE_DEBUG_INFO = NO;
				SDKROOT = iphoneos;
				SWIFT_OPTIMIZATION_LEVEL = "-Owholemodule";
				SWIFT_VERSION = 4.0;
				TARGETED_DEVICE_FAMILY = "1,2";
				VALIDATE_PRODUCT = YES;
			};
			name = Release;
		};
		2AD282A21CD8520800C4655E /* Debug */ = {
			isa = XCBuildConfiguration;
			baseConfigurationReference = 9E9628EBA50EBD12EDA813B3 /* Pods-ShadowsocksFree.debug.xcconfig */;
			buildSettings = {
				ALWAYS_EMBED_SWIFT_STANDARD_LIBRARIES = YES;
				ASSETCATALOG_COMPILER_APPICON_NAME = AppIcon;
				CODE_SIGN_IDENTITY = "iPhone Developer";
				"CODE_SIGN_IDENTITY[sdk=iphoneos*]" = "iPhone Developer";
				DEVELOPMENT_TEAM = C5WAW7Z979;
				INFOPLIST_FILE = ShadowsocksFree/Info.plist;
				IPHONEOS_DEPLOYMENT_TARGET = 9.0;
				LD_RUNPATH_SEARCH_PATHS = "$(inherited) @executable_path/Frameworks";
				LLVM_LTO = NO;
				NEW_SETTING = "";
				OTHER_SWIFT_FLAGS = "$(inherited) \"-D\" \"COCOAPODS\" -D DEBUG";
				PRODUCT_BUNDLE_IDENTIFIER = tech.chengluffy.shadowsocksfree;
				PRODUCT_NAME = "$(TARGET_NAME)";
				PROVISIONING_PROFILE = "";
				SWIFT_VERSION = 4.0;
				TARGETED_DEVICE_FAMILY = 1;
			};
			name = Debug;
		};
		2AD282A31CD8520800C4655E /* Release */ = {
			isa = XCBuildConfiguration;
			baseConfigurationReference = AC923A7DB871A38B57BD3C23 /* Pods-ShadowsocksFree.release.xcconfig */;
			buildSettings = {
				ALWAYS_EMBED_SWIFT_STANDARD_LIBRARIES = YES;
				ASSETCATALOG_COMPILER_APPICON_NAME = AppIcon;
				CODE_SIGN_IDENTITY = "iPhone Developer";
				"CODE_SIGN_IDENTITY[sdk=iphoneos*]" = "iPhone Developer";
				DEVELOPMENT_TEAM = C5WAW7Z979;
				INFOPLIST_FILE = ShadowsocksFree/Info.plist;
				IPHONEOS_DEPLOYMENT_TARGET = 9.0;
				LD_RUNPATH_SEARCH_PATHS = "$(inherited) @executable_path/Frameworks";
				LLVM_LTO = NO;
				NEW_SETTING = "";
				OTHER_SWIFT_FLAGS = "$(inherited) \"-D\" \"COCOAPODS\" -D DEBUG";
				PRODUCT_BUNDLE_IDENTIFIER = tech.chengluffy.shadowsocksfree;
				PRODUCT_NAME = "$(TARGET_NAME)";
				PROVISIONING_PROFILE = "";
				SWIFT_VERSION = 4.0;
				TARGETED_DEVICE_FAMILY = 1;
			};
			name = Release;
		};
/* End XCBuildConfiguration section */

/* Begin XCConfigurationList section */
		2AD282741CD8520800C4655E /* Build configuration list for PBXProject "ShadowsocksFree" */ = {
			isa = XCConfigurationList;
			buildConfigurations = (
				2AD2829F1CD8520800C4655E /* Debug */,
				2AD282A01CD8520800C4655E /* Release */,
			);
			defaultConfigurationIsVisible = 0;
			defaultConfigurationName = Release;
		};
		2AD282A11CD8520800C4655E /* Build configuration list for PBXNativeTarget "ShadowsocksFree" */ = {
			isa = XCConfigurationList;
			buildConfigurations = (
				2AD282A21CD8520800C4655E /* Debug */,
				2AD282A31CD8520800C4655E /* Release */,
			);
			defaultConfigurationIsVisible = 0;
			defaultConfigurationName = Release;
		};
/* End XCConfigurationList section */
	};
	rootObject = 2AD282711CD8520800C4655E /* Project object */;
}
