// !$*UTF8*$!
{
	archiveVersion = 1;
	classes = {
	};
	objectVersion = 46;
	objects = {

/* Begin PBXBuildFile section */
		105E10C3E7420E7532F6CE9D /* Pods_ShadowsocksFree.framework in Frameworks */ = {isa = PBXBuildFile; fileRef = 9BD2E2C0E986A5A63E924725 /* Pods_ShadowsocksFree.framework */; };
		2A33CE9C1D1C0642000F652A /* Model.swift in Sources */ = {isa = PBXBuildFile; fileRef = 2A33CE9B1D1C0642000F652A /* Model.swift */; };
		2A33CEA21D1C067B000F652A /* AddInfoViewController.swift in Sources */ = {isa = PBXBuildFile; fileRef = 2A33CE9E1D1C067B000F652A /* AddInfoViewController.swift */; };
		2A33CEA31D1C067B000F652A /* QRScanViewController.swift in Sources */ = {isa = PBXBuildFile; fileRef = 2A33CE9F1D1C067B000F652A /* QRScanViewController.swift */; };
		2A33CEA41D1C067B000F652A /* QRViewController.swift in Sources */ = {isa = PBXBuildFile; fileRef = 2A33CEA01D1C067B000F652A /* QRViewController.swift */; };
		2A33CEA51D1C067B000F652A /* ViewController.swift in Sources */ = {isa = PBXBuildFile; fileRef = 2A33CEA11D1C067B000F652A /* ViewController.swift */; };
		2A33CEB01D1C06BE000F652A /* Popover.swift in Sources */ = {isa = PBXBuildFile; fileRef = 2A33CEA91D1C06BE000F652A /* Popover.swift */; };
		2A33CEB11D1C06BE000F652A /* QRCollectionReusableHeaderView.swift in Sources */ = {isa = PBXBuildFile; fileRef = 2A33CEAA1D1C06BE000F652A /* QRCollectionReusableHeaderView.swift */; };
		2A33CEB21D1C06BE000F652A /* QRCollectionReusableHeaderView.xib in Resources */ = {isa = PBXBuildFile; fileRef = 2A33CEAB1D1C06BE000F652A /* QRCollectionReusableHeaderView.xib */; };
		2A33CEB31D1C06BE000F652A /* QRCollectionViewCell.swift in Sources */ = {isa = PBXBuildFile; fileRef = 2A33CEAC1D1C06BE000F652A /* QRCollectionViewCell.swift */; };
		2A33CEB41D1C06BE000F652A /* QRCollectionViewCell.xib in Resources */ = {isa = PBXBuildFile; fileRef = 2A33CEAD1D1C06BE000F652A /* QRCollectionViewCell.xib */; };
		2A33CEB71D1C0711000F652A /* QRImageCreate.swift in Sources */ = {isa = PBXBuildFile; fileRef = 2A33CEB61D1C0711000F652A /* QRImageCreate.swift */; };
		2A33CEC61D1C5FDE000F652A /* PopUpViewTextView.swift in Sources */ = {isa = PBXBuildFile; fileRef = 2A33CEC41D1C5FDE000F652A /* PopUpViewTextView.swift */; };
		2A33CEC71D1C5FDE000F652A /* PopUpViewTextView.xib in Resources */ = {isa = PBXBuildFile; fileRef = 2A33CEC51D1C5FDE000F652A /* PopUpViewTextView.xib */; };
		2A520E291D5701290023F283 /* method.plist in Resources */ = {isa = PBXBuildFile; fileRef = 2A520E281D5701290023F283 /* method.plist */; };
		2AD2827D1CD8520800C4655E /* AppDelegate.swift in Sources */ = {isa = PBXBuildFile; fileRef = 2AD2827C1CD8520800C4655E /* AppDelegate.swift */; };
		2AD282821CD8520800C4655E /* Main.storyboard in Resources */ = {isa = PBXBuildFile; fileRef = 2AD282801CD8520800C4655E /* Main.storyboard */; };
		2AD282841CD8520800C4655E /* Assets.xcassets in Resources */ = {isa = PBXBuildFile; fileRef = 2AD282831CD8520800C4655E /* Assets.xcassets */; };
		2AD282871CD8520800C4655E /* LaunchScreen.storyboard in Resources */ = {isa = PBXBuildFile; fileRef = 2AD282851CD8520800C4655E /* LaunchScreen.storyboard */; };
		2AD282921CD8520800C4655E /* ShadowsocksFreeTests.swift in Sources */ = {isa = PBXBuildFile; fileRef = 2AD282911CD8520800C4655E /* ShadowsocksFreeTests.swift */; };
		2AD2829D1CD8520800C4655E /* ShadowsocksFreeUITests.swift in Sources */ = {isa = PBXBuildFile; fileRef = 2AD2829C1CD8520800C4655E /* ShadowsocksFreeUITests.swift */; };
/* End PBXBuildFile section */

/* Begin PBXContainerItemProxy section */
		2AD2828E1CD8520800C4655E /* PBXContainerItemProxy */ = {
			isa = PBXContainerItemProxy;
			containerPortal = 2AD282711CD8520800C4655E /* Project object */;
			proxyType = 1;
			remoteGlobalIDString = 2AD282781CD8520800C4655E;
			remoteInfo = ShadowsocksFree;
		};
		2AD282991CD8520800C4655E /* PBXContainerItemProxy */ = {
			isa = PBXContainerItemProxy;
			containerPortal = 2AD282711CD8520800C4655E /* Project object */;
			proxyType = 1;
			remoteGlobalIDString = 2AD282781CD8520800C4655E;
			remoteInfo = ShadowsocksFree;
		};
/* End PBXContainerItemProxy section */

/* Begin PBXFileReference section */
		2A33CE9B1D1C0642000F652A /* Model.swift */ = {isa = PBXFileReference; fileEncoding = 4; lastKnownFileType = sourcecode.swift; path = Model.swift; sourceTree = "<group>"; };
		2A33CE9E1D1C067B000F652A /* AddInfoViewController.swift */ = {isa = PBXFileReference; fileEncoding = 4; lastKnownFileType = sourcecode.swift; path = AddInfoViewController.swift; sourceTree = "<group>"; };
		2A33CE9F1D1C067B000F652A /* QRScanViewController.swift */ = {isa = PBXFileReference; fileEncoding = 4; lastKnownFileType = sourcecode.swift; path = QRScanViewController.swift; sourceTree = "<group>"; };
		2A33CEA01D1C067B000F652A /* QRViewController.swift */ = {isa = PBXFileReference; fileEncoding = 4; lastKnownFileType = sourcecode.swift; path = QRViewController.swift; sourceTree = "<group>"; };
		2A33CEA11D1C067B000F652A /* ViewController.swift */ = {isa = PBXFileReference; fileEncoding = 4; lastKnownFileType = sourcecode.swift; path = ViewController.swift; sourceTree = "<group>"; };
		2A33CEA91D1C06BE000F652A /* Popover.swift */ = {isa = PBXFileReference; fileEncoding = 4; lastKnownFileType = sourcecode.swift; name = Popover.swift; path = ../Popover.swift; sourceTree = "<group>"; };
		2A33CEAA1D1C06BE000F652A /* QRCollectionReusableHeaderView.swift */ = {isa = PBXFileReference; fileEncoding = 4; lastKnownFileType = sourcecode.swift; path = QRCollectionReusableHeaderView.swift; sourceTree = "<group>"; };
		2A33CEAB1D1C06BE000F652A /* QRCollectionReusableHeaderView.xib */ = {isa = PBXFileReference; fileEncoding = 4; lastKnownFileType = file.xib; path = QRCollectionReusableHeaderView.xib; sourceTree = "<group>"; };
		2A33CEAC1D1C06BE000F652A /* QRCollectionViewCell.swift */ = {isa = PBXFileReference; fileEncoding = 4; lastKnownFileType = sourcecode.swift; path = QRCollectionViewCell.swift; sourceTree = "<group>"; };
		2A33CEAD1D1C06BE000F652A /* QRCollectionViewCell.xib */ = {isa = PBXFileReference; fileEncoding = 4; lastKnownFileType = file.xib; path = QRCollectionViewCell.xib; sourceTree = "<group>"; };
		2A33CEB61D1C0711000F652A /* QRImageCreate.swift */ = {isa = PBXFileReference; fileEncoding = 4; lastKnownFileType = sourcecode.swift; path = QRImageCreate.swift; sourceTree = "<group>"; };
		2A33CEC41D1C5FDE000F652A /* PopUpViewTextView.swift */ = {isa = PBXFileReference; fileEncoding = 4; lastKnownFileType = sourcecode.swift; name = PopUpViewTextView.swift; path = PopUpView/PopUpViewTextView.swift; sourceTree = "<group>"; };
		2A33CEC51D1C5FDE000F652A /* PopUpViewTextView.xib */ = {isa = PBXFileReference; fileEncoding = 4; lastKnownFileType = file.xib; name = PopUpViewTextView.xib; path = PopUpView/PopUpViewTextView.xib; sourceTree = "<group>"; };
		2A520E281D5701290023F283 /* method.plist */ = {isa = PBXFileReference; fileEncoding = 4; lastKnownFileType = text.plist.xml; path = method.plist; sourceTree = "<group>"; };
		2A8FAED01DB6081700723AED /* ShadowsocksFree.entitlements */ = {isa = PBXFileReference; lastKnownFileType = text.plist.entitlements; path = ShadowsocksFree.entitlements; sourceTree = "<group>"; };
		2AD282791CD8520800C4655E /* ShadowsocksFree.app */ = {isa = PBXFileReference; explicitFileType = wrapper.application; includeInIndex = 0; path = ShadowsocksFree.app; sourceTree = BUILT_PRODUCTS_DIR; };
		2AD2827C1CD8520800C4655E /* AppDelegate.swift */ = {isa = PBXFileReference; lastKnownFileType = sourcecode.swift; path = AppDelegate.swift; sourceTree = "<group>"; };
		2AD282811CD8520800C4655E /* Base */ = {isa = PBXFileReference; lastKnownFileType = file.storyboard; name = Base; path = Base.lproj/Main.storyboard; sourceTree = "<group>"; };
		2AD282831CD8520800C4655E /* Assets.xcassets */ = {isa = PBXFileReference; lastKnownFileType = folder.assetcatalog; path = Assets.xcassets; sourceTree = "<group>"; };
		2AD282861CD8520800C4655E /* Base */ = {isa = PBXFileReference; lastKnownFileType = file.storyboard; name = Base; path = Base.lproj/LaunchScreen.storyboard; sourceTree = "<group>"; };
		2AD282881CD8520800C4655E /* Info.plist */ = {isa = PBXFileReference; lastKnownFileType = text.plist.xml; path = Info.plist; sourceTree = "<group>"; };
		2AD2828D1CD8520800C4655E /* ShadowsocksFreeTests.xctest */ = {isa = PBXFileReference; explicitFileType = wrapper.cfbundle; includeInIndex = 0; path = ShadowsocksFreeTests.xctest; sourceTree = BUILT_PRODUCTS_DIR; };
		2AD282911CD8520800C4655E /* ShadowsocksFreeTests.swift */ = {isa = PBXFileReference; lastKnownFileType = sourcecode.swift; path = ShadowsocksFreeTests.swift; sourceTree = "<group>"; };
		2AD282931CD8520800C4655E /* Info.plist */ = {isa = PBXFileReference; lastKnownFileType = text.plist.xml; path = Info.plist; sourceTree = "<group>"; };
		2AD282981CD8520800C4655E /* ShadowsocksFreeUITests.xctest */ = {isa = PBXFileReference; explicitFileType = wrapper.cfbundle; includeInIndex = 0; path = ShadowsocksFreeUITests.xctest; sourceTree = BUILT_PRODUCTS_DIR; };
		2AD2829C1CD8520800C4655E /* ShadowsocksFreeUITests.swift */ = {isa = PBXFileReference; lastKnownFileType = sourcecode.swift; path = ShadowsocksFreeUITests.swift; sourceTree = "<group>"; };
		2AD2829E1CD8520800C4655E /* Info.plist */ = {isa = PBXFileReference; lastKnownFileType = text.plist.xml; path = Info.plist; sourceTree = "<group>"; };
		9BD2E2C0E986A5A63E924725 /* Pods_ShadowsocksFree.framework */ = {isa = PBXFileReference; explicitFileType = wrapper.framework; includeInIndex = 0; path = Pods_ShadowsocksFree.framework; sourceTree = BUILT_PRODUCTS_DIR; };
		9DC121B21320A626A75E4D59 /* Pods.framework */ = {isa = PBXFileReference; explicitFileType = wrapper.framework; includeInIndex = 0; path = Pods.framework; sourceTree = BUILT_PRODUCTS_DIR; };
		9E9628EBA50EBD12EDA813B3 /* Pods-ShadowsocksFree.debug.xcconfig */ = {isa = PBXFileReference; includeInIndex = 1; lastKnownFileType = text.xcconfig; name = "Pods-ShadowsocksFree.debug.xcconfig"; path = "Pods/Target Support Files/Pods-ShadowsocksFree/Pods-ShadowsocksFree.debug.xcconfig"; sourceTree = "<group>"; };
		AC923A7DB871A38B57BD3C23 /* Pods-ShadowsocksFree.release.xcconfig */ = {isa = PBXFileReference; includeInIndex = 1; lastKnownFileType = text.xcconfig; name = "Pods-ShadowsocksFree.release.xcconfig"; path = "Pods/Target Support Files/Pods-ShadowsocksFree/Pods-ShadowsocksFree.release.xcconfig"; sourceTree = "<group>"; };
/* End PBXFileReference section */

/* Begin PBXFrameworksBuildPhase section */
		2AD282761CD8520800C4655E /* Frameworks */ = {
			isa = PBXFrameworksBuildPhase;
			buildActionMask = 2147483647;
			files = (
				105E10C3E7420E7532F6CE9D /* Pods_ShadowsocksFree.framework in Frameworks */,
			);
			runOnlyForDeploymentPostprocessing = 0;
		};
		2AD2828A1CD8520800C4655E /* Frameworks */ = {
			isa = PBXFrameworksBuildPhase;
			buildActionMask = 2147483647;
			files = (
			);
			runOnlyForDeploymentPostprocessing = 0;
		};
		2AD282951CD8520800C4655E /* Frameworks */ = {
			isa = PBXFrameworksBuildPhase;
			buildActionMask = 2147483647;
			files = (
			);
			runOnlyForDeploymentPostprocessing = 0;
		};
/* End PBXFrameworksBuildPhase section */

/* Begin PBXGroup section */
		2A33CE9A1D1C0622000F652A /* Model */ = {
			isa = PBXGroup;
			children = (
				2A33CE9B1D1C0642000F652A /* Model.swift */,
			);
			path = Model;
			sourceTree = "<group>";
		};
		2A33CE9D1D1C067B000F652A /* ViewController */ = {
			isa = PBXGroup;
			children = (
				2A33CE9E1D1C067B000F652A /* AddInfoViewController.swift */,
				2A33CE9F1D1C067B000F652A /* QRScanViewController.swift */,
				2A33CEA01D1C067B000F652A /* QRViewController.swift */,
				2A33CEA11D1C067B000F652A /* ViewController.swift */,
			);
			path = ViewController;
			sourceTree = "<group>";
		};
		2A33CEA61D1C06BE000F652A /* View */ = {
			isa = PBXGroup;
			children = (
				2A33CEAA1D1C06BE000F652A /* QRCollectionReusableHeaderView.swift */,
				2A33CEAB1D1C06BE000F652A /* QRCollectionReusableHeaderView.xib */,
				2A33CEAC1D1C06BE000F652A /* QRCollectionViewCell.swift */,
				2A33CEAD1D1C06BE000F652A /* QRCollectionViewCell.xib */,
				2A33CEC41D1C5FDE000F652A /* PopUpViewTextView.swift */,
				2A33CEC51D1C5FDE000F652A /* PopUpViewTextView.xib */,
				2A33CEC31D1C5FDE000F652A /* PopUpView */,
			);
			path = View;
			sourceTree = "<group>";
		};
		2A33CEB51D1C0711000F652A /* Tool */ = {
			isa = PBXGroup;
			children = (
				2A33CEB61D1C0711000F652A /* QRImageCreate.swift */,
			);
			path = Tool;
			sourceTree = "<group>";
		};
		2A33CEC31D1C5FDE000F652A /* PopUpView */ = {
			isa = PBXGroup;
			children = (
				2A33CEA91D1C06BE000F652A /* Popover.swift */,
			);
			path = PopUpView;
			sourceTree = "<group>";
		};
		2A520E271D5700CE0023F283 /* Resource */ = {
			isa = PBXGroup;
			children = (
				2A520E281D5701290023F283 /* method.plist */,
			);
			path = Resource;
			sourceTree = "<group>";
		};
		2AD282701CD8520800C4655E = {
			isa = PBXGroup;
			children = (
				2AD2827B1CD8520800C4655E /* ShadowsocksFree */,
				2AD282901CD8520800C4655E /* ShadowsocksFreeTests */,
				2AD2829B1CD8520800C4655E /* ShadowsocksFreeUITests */,
				2AD2827A1CD8520800C4655E /* Products */,
				49CDE42A6D9F863670ED9EFB /* Frameworks */,
				8F64B6EDB226140149B989A8 /* Pods */,
			);
			sourceTree = "<group>";
		};
		2AD2827A1CD8520800C4655E /* Products */ = {
			isa = PBXGroup;
			children = (
				2AD282791CD8520800C4655E /* ShadowsocksFree.app */,
				2AD2828D1CD8520800C4655E /* ShadowsocksFreeTests.xctest */,
				2AD282981CD8520800C4655E /* ShadowsocksFreeUITests.xctest */,
			);
			name = Products;
			sourceTree = "<group>";
		};
		2AD2827B1CD8520800C4655E /* ShadowsocksFree */ = {
			isa = PBXGroup;
			children = (
				2A8FAED01DB6081700723AED /* ShadowsocksFree.entitlements */,
				2A520E271D5700CE0023F283 /* Resource */,
				2A33CEB51D1C0711000F652A /* Tool */,
				2A33CEA61D1C06BE000F652A /* View */,
				2A33CE9D1D1C067B000F652A /* ViewController */,
				2A33CE9A1D1C0622000F652A /* Model */,
				2AD2827C1CD8520800C4655E /* AppDelegate.swift */,
				2AD282801CD8520800C4655E /* Main.storyboard */,
				2AD282831CD8520800C4655E /* Assets.xcassets */,
				2AD282851CD8520800C4655E /* LaunchScreen.storyboard */,
				2AD282881CD8520800C4655E /* Info.plist */,
			);
			path = ShadowsocksFree;
			sourceTree = "<group>";
		};
		2AD282901CD8520800C4655E /* ShadowsocksFreeTests */ = {
			isa = PBXGroup;
			children = (
				2AD282911CD8520800C4655E /* ShadowsocksFreeTests.swift */,
				2AD282931CD8520800C4655E /* Info.plist */,
			);
			path = ShadowsocksFreeTests;
			sourceTree = "<group>";
		};
		2AD2829B1CD8520800C4655E /* ShadowsocksFreeUITests */ = {
			isa = PBXGroup;
			children = (
				2AD2829C1CD8520800C4655E /* ShadowsocksFreeUITests.swift */,
				2AD2829E1CD8520800C4655E /* Info.plist */,
			);
			path = ShadowsocksFreeUITests;
			sourceTree = "<group>";
		};
		49CDE42A6D9F863670ED9EFB /* Frameworks */ = {
			isa = PBXGroup;
			children = (
				9DC121B21320A626A75E4D59 /* Pods.framework */,
				9BD2E2C0E986A5A63E924725 /* Pods_ShadowsocksFree.framework */,
			);
			name = Frameworks;
			sourceTree = "<group>";
		};
		8F64B6EDB226140149B989A8 /* Pods */ = {
			isa = PBXGroup;
			children = (
				9E9628EBA50EBD12EDA813B3 /* Pods-ShadowsocksFree.debug.xcconfig */,
				AC923A7DB871A38B57BD3C23 /* Pods-ShadowsocksFree.release.xcconfig */,
			);
			name = Pods;
			sourceTree = "<group>";
		};
/* End PBXGroup section */

/* Begin PBXNativeTarget section */
		2AD282781CD8520800C4655E /* ShadowsocksFree */ = {
			isa = PBXNativeTarget;
			buildConfigurationList = 2AD282A11CD8520800C4655E /* Build configuration list for PBXNativeTarget "ShadowsocksFree" */;
			buildPhases = (
				69B8B32CF2073B98B82AD6B6 /* [CP] Check Pods Manifest.lock */,
				2AD282751CD8520800C4655E /* Sources */,
				2AD282761CD8520800C4655E /* Frameworks */,
				2AD282771CD8520800C4655E /* Resources */,
				3F2B30CC7A2EB4D65F7F06C0 /* [CP] Embed Pods Frameworks */,
				9E19BEC1CBFCE35F64C66896 /* [CP] Copy Pods Resources */,
			);
			buildRules = (
			);
			dependencies = (
			);
			name = ShadowsocksFree;
			productName = ShadowsocksFree;
			productReference = 2AD282791CD8520800C4655E /* ShadowsocksFree.app */;
			productType = "com.apple.product-type.application";
		};
		2AD2828C1CD8520800C4655E /* ShadowsocksFreeTests */ = {
			isa = PBXNativeTarget;
			buildConfigurationList = 2AD282A41CD8520800C4655E /* Build configuration list for PBXNativeTarget "ShadowsocksFreeTests" */;
			buildPhases = (
				2AD282891CD8520800C4655E /* Sources */,
				2AD2828A1CD8520800C4655E /* Frameworks */,
				2AD2828B1CD8520800C4655E /* Resources */,
			);
			buildRules = (
			);
			dependencies = (
				2AD2828F1CD8520800C4655E /* PBXTargetDependency */,
			);
			name = ShadowsocksFreeTests;
			productName = ShadowsocksFreeTests;
			productReference = 2AD2828D1CD8520800C4655E /* ShadowsocksFreeTests.xctest */;
			productType = "com.apple.product-type.bundle.unit-test";
		};
		2AD282971CD8520800C4655E /* ShadowsocksFreeUITests */ = {
			isa = PBXNativeTarget;
			buildConfigurationList = 2AD282A71CD8520800C4655E /* Build configuration list for PBXNativeTarget "ShadowsocksFreeUITests" */;
			buildPhases = (
				2AD282941CD8520800C4655E /* Sources */,
				2AD282951CD8520800C4655E /* Frameworks */,
				2AD282961CD8520800C4655E /* Resources */,
			);
			buildRules = (
			);
			dependencies = (
				2AD2829A1CD8520800C4655E /* PBXTargetDependency */,
			);
			name = ShadowsocksFreeUITests;
			productName = ShadowsocksFreeUITests;
			productReference = 2AD282981CD8520800C4655E /* ShadowsocksFreeUITests.xctest */;
			productType = "com.apple.product-type.bundle.ui-testing";
		};
/* End PBXNativeTarget section */

/* Begin PBXProject section */
		2AD282711CD8520800C4655E /* Project object */ = {
			isa = PBXProject;
			attributes = {
				LastSwiftUpdateCheck = 0730;
				LastUpgradeCheck = 0800;
				ORGANIZATIONNAME = "成璐飞";
				TargetAttributes = {
					2AD282781CD8520800C4655E = {
						CreatedOnToolsVersion = 7.3;
						DevelopmentTeam = N7XNKCS3XY;
						LastSwiftMigration = 0800;
						SystemCapabilities = {
							com.apple.Keychain = {
								enabled = 0;
							};
						};
					};
					2AD2828C1CD8520800C4655E = {
						CreatedOnToolsVersion = 7.3;
						LastSwiftMigration = 0800;
						TestTargetID = 2AD282781CD8520800C4655E;
					};
					2AD282971CD8520800C4655E = {
						CreatedOnToolsVersion = 7.3;
						LastSwiftMigration = 0800;
						TestTargetID = 2AD282781CD8520800C4655E;
					};
				};
			};
			buildConfigurationList = 2AD282741CD8520800C4655E /* Build configuration list for PBXProject "ShadowsocksFree" */;
			compatibilityVersion = "Xcode 3.2";
			developmentRegion = English;
			hasScannedForEncodings = 0;
			knownRegions = (
				en,
				Base,
			);
			mainGroup = 2AD282701CD8520800C4655E;
			productRefGroup = 2AD2827A1CD8520800C4655E /* Products */;
			projectDirPath = "";
			projectRoot = "";
			targets = (
				2AD282781CD8520800C4655E /* ShadowsocksFree */,
				2AD2828C1CD8520800C4655E /* ShadowsocksFreeTests */,
				2AD282971CD8520800C4655E /* ShadowsocksFreeUITests */,
			);
		};
/* End PBXProject section */

/* Begin PBXResourcesBuildPhase section */
		2AD282771CD8520800C4655E /* Resources */ = {
			isa = PBXResourcesBuildPhase;
			buildActionMask = 2147483647;
			files = (
				2AD282871CD8520800C4655E /* LaunchScreen.storyboard in Resources */,
				2A520E291D5701290023F283 /* method.plist in Resources */,
				2A33CEC71D1C5FDE000F652A /* PopUpViewTextView.xib in Resources */,
				2AD282841CD8520800C4655E /* Assets.xcassets in Resources */,
				2AD282821CD8520800C4655E /* Main.storyboard in Resources */,
				2A33CEB21D1C06BE000F652A /* QRCollectionReusableHeaderView.xib in Resources */,
				2A33CEB41D1C06BE000F652A /* QRCollectionViewCell.xib in Resources */,
			);
			runOnlyForDeploymentPostprocessing = 0;
		};
		2AD2828B1CD8520800C4655E /* Resources */ = {
			isa = PBXResourcesBuildPhase;
			buildActionMask = 2147483647;
			files = (
			);
			runOnlyForDeploymentPostprocessing = 0;
		};
		2AD282961CD8520800C4655E /* Resources */ = {
			isa = PBXResourcesBuildPhase;
			buildActionMask = 2147483647;
			files = (
			);
			runOnlyForDeploymentPostprocessing = 0;
		};
/* End PBXResourcesBuildPhase section */

/* Begin PBXShellScriptBuildPhase section */
		3F2B30CC7A2EB4D65F7F06C0 /* [CP] Embed Pods Frameworks */ = {
			isa = PBXShellScriptBuildPhase;
			buildActionMask = 2147483647;
			files = (
			);
			inputPaths = (
			);
			name = "[CP] Embed Pods Frameworks";
			outputPaths = (
			);
			runOnlyForDeploymentPostprocessing = 0;
			shellPath = /bin/sh;
			shellScript = "\"${SRCROOT}/Pods/Target Support Files/Pods-ShadowsocksFree/Pods-ShadowsocksFree-frameworks.sh\"\n";
			showEnvVarsInLog = 0;
		};
		69B8B32CF2073B98B82AD6B6 /* [CP] Check Pods Manifest.lock */ = {
			isa = PBXShellScriptBuildPhase;
			buildActionMask = 2147483647;
			files = (
			);
			inputPaths = (
			);
			name = "[CP] Check Pods Manifest.lock";
			outputPaths = (
			);
			runOnlyForDeploymentPostprocessing = 0;
			shellPath = /bin/sh;
			shellScript = "diff \"${PODS_ROOT}/../Podfile.lock\" \"${PODS_ROOT}/Manifest.lock\" > /dev/null\nif [ $? != 0 ] ; then\n    # print error to STDERR\n    echo \"error: The sandbox is not in sync with the Podfile.lock. Run 'pod install' or update your CocoaPods installation.\" >&2\n    exit 1\nfi\n";
			showEnvVarsInLog = 0;
		};
		9E19BEC1CBFCE35F64C66896 /* [CP] Copy Pods Resources */ = {
			isa = PBXShellScriptBuildPhase;
			buildActionMask = 2147483647;
			files = (
			);
			inputPaths = (
			);
			name = "[CP] Copy Pods Resources";
			outputPaths = (
			);
			runOnlyForDeploymentPostprocessing = 0;
			shellPath = /bin/sh;
			shellScript = "\"${SRCROOT}/Pods/Target Support Files/Pods-ShadowsocksFree/Pods-ShadowsocksFree-resources.sh\"\n";
			showEnvVarsInLog = 0;
		};
/* End PBXShellScriptBuildPhase section */

/* Begin PBXSourcesBuildPhase section */
		2AD282751CD8520800C4655E /* Sources */ = {
			isa = PBXSourcesBuildPhase;
			buildActionMask = 2147483647;
			files = (
				2A33CEA31D1C067B000F652A /* QRScanViewController.swift in Sources */,
				2A33CEB11D1C06BE000F652A /* QRCollectionReusableHeaderView.swift in Sources */,
				2A33CEB01D1C06BE000F652A /* Popover.swift in Sources */,
				2A33CEA41D1C067B000F652A /* QRViewController.swift in Sources */,
				2A33CEC61D1C5FDE000F652A /* PopUpViewTextView.swift in Sources */,
				2A33CEB31D1C06BE000F652A /* QRCollectionViewCell.swift in Sources */,
				2A33CEB71D1C0711000F652A /* QRImageCreate.swift in Sources */,
				2A33CEA51D1C067B000F652A /* ViewController.swift in Sources */,
				2A33CEA21D1C067B000F652A /* AddInfoViewController.swift in Sources */,
				2AD2827D1CD8520800C4655E /* AppDelegate.swift in Sources */,
				2A33CE9C1D1C0642000F652A /* Model.swift in Sources */,
			);
			runOnlyForDeploymentPostprocessing = 0;
		};
		2AD282891CD8520800C4655E /* Sources */ = {
			isa = PBXSourcesBuildPhase;
			buildActionMask = 2147483647;
			files = (
				2AD282921CD8520800C4655E /* ShadowsocksFreeTests.swift in Sources */,
			);
			runOnlyForDeploymentPostprocessing = 0;
		};
		2AD282941CD8520800C4655E /* Sources */ = {
			isa = PBXSourcesBuildPhase;
			buildActionMask = 2147483647;
			files = (
				2AD2829D1CD8520800C4655E /* ShadowsocksFreeUITests.swift in Sources */,
			);
			runOnlyForDeploymentPostprocessing = 0;
		};
/* End PBXSourcesBuildPhase section */

/* Begin PBXTargetDependency section */
		2AD2828F1CD8520800C4655E /* PBXTargetDependency */ = {
			isa = PBXTargetDependency;
			target = 2AD282781CD8520800C4655E /* ShadowsocksFree */;
			targetProxy = 2AD2828E1CD8520800C4655E /* PBXContainerItemProxy */;
		};
		2AD2829A1CD8520800C4655E /* PBXTargetDependency */ = {
			isa = PBXTargetDependency;
			target = 2AD282781CD8520800C4655E /* ShadowsocksFree */;
			targetProxy = 2AD282991CD8520800C4655E /* PBXContainerItemProxy */;
		};
/* End PBXTargetDependency section */

/* Begin PBXVariantGroup section */
		2AD282801CD8520800C4655E /* Main.storyboard */ = {
			isa = PBXVariantGroup;
			children = (
				2AD282811CD8520800C4655E /* Base */,
			);
			name = Main.storyboard;
			sourceTree = "<group>";
		};
		2AD282851CD8520800C4655E /* LaunchScreen.storyboard */ = {
			isa = PBXVariantGroup;
			children = (
				2AD282861CD8520800C4655E /* Base */,
			);
			name = LaunchScreen.storyboard;
			sourceTree = "<group>";
		};
/* End PBXVariantGroup section */

/* Begin XCBuildConfiguration section */
		2AD2829F1CD8520800C4655E /* Debug */ = {
			isa = XCBuildConfiguration;
			buildSettings = {
				ALWAYS_SEARCH_USER_PATHS = NO;
				CLANG_ANALYZER_NONNULL = YES;
				CLANG_CXX_LANGUAGE_STANDARD = "gnu++0x";
				CLANG_CXX_LIBRARY = "libc++";
				CLANG_ENABLE_MODULES = YES;
				CLANG_ENABLE_OBJC_ARC = YES;
				CLANG_WARN_BOOL_CONVERSION = YES;
				CLANG_WARN_CONSTANT_CONVERSION = YES;
				CLANG_WARN_DIRECT_OBJC_ISA_USAGE = YES_ERROR;
				CLANG_WARN_EMPTY_BODY = YES;
				CLANG_WARN_ENUM_CONVERSION = YES;
				CLANG_WARN_INFINITE_RECURSION = YES;
				CLANG_WARN_INT_CONVERSION = YES;
				CLANG_WARN_OBJC_ROOT_CLASS = YES_ERROR;
				CLANG_WARN_SUSPICIOUS_MOVE = YES;
				CLANG_WARN_UNREACHABLE_CODE = YES;
				CLANG_WARN__DUPLICATE_METHOD_MATCH = YES;
				"CODE_SIGN_IDENTITY[sdk=iphoneos*]" = "iPhone Developer";
				COPY_PHASE_STRIP = NO;
				DEBUG_INFORMATION_FORMAT = dwarf;
				ENABLE_STRICT_OBJC_MSGSEND = YES;
				ENABLE_TESTABILITY = YES;
				GCC_C_LANGUAGE_STANDARD = gnu99;
				GCC_DYNAMIC_NO_PIC = NO;
				GCC_NO_COMMON_BLOCKS = YES;
				GCC_OPTIMIZATION_LEVEL = 0;
				GCC_PREPROCESSOR_DEFINITIONS = (
					"DEBUG=1",
					"$(inherited)",
				);
				GCC_WARN_64_TO_32_BIT_CONVERSION = YES;
				GCC_WARN_ABOUT_RETURN_TYPE = YES_ERROR;
				GCC_WARN_UNDECLARED_SELECTOR = YES;
				GCC_WARN_UNINITIALIZED_AUTOS = YES_AGGRESSIVE;
				GCC_WARN_UNUSED_FUNCTION = YES;
				GCC_WARN_UNUSED_VARIABLE = YES;
				IPHONEOS_DEPLOYMENT_TARGET = 9.3;
				MTL_ENABLE_DEBUG_INFO = YES;
				ONLY_ACTIVE_ARCH = YES;
				SDKROOT = iphoneos;
				SWIFT_OPTIMIZATION_LEVEL = "-Onone";
				TARGETED_DEVICE_FAMILY = "1,2";
			};
			name = Debug;
		};
		2AD282A01CD8520800C4655E /* Release */ = {
			isa = XCBuildConfiguration;
			buildSettings = {
				ALWAYS_SEARCH_USER_PATHS = NO;
				CLANG_ANALYZER_NONNULL = YES;
				CLANG_CXX_LANGUAGE_STANDARD = "gnu++0x";
				CLANG_CXX_LIBRARY = "libc++";
				CLANG_ENABLE_MODULES = YES;
				CLANG_ENABLE_OBJC_ARC = YES;
				CLANG_WARN_BOOL_CONVERSION = YES;
				CLANG_WARN_CONSTANT_CONVERSION = YES;
				CLANG_WARN_DIRECT_OBJC_ISA_USAGE = YES_ERROR;
				CLANG_WARN_EMPTY_BODY = YES;
				CLANG_WARN_ENUM_CONVERSION = YES;
				CLANG_WARN_INFINITE_RECURSION = YES;
				CLANG_WARN_INT_CONVERSION = YES;
				CLANG_WARN_OBJC_ROOT_CLASS = YES_ERROR;
				CLANG_WARN_SUSPICIOUS_MOVE = YES;
				CLANG_WARN_UNREACHABLE_CODE = YES;
				CLANG_WARN__DUPLICATE_METHOD_MATCH = YES;
				"CODE_SIGN_IDENTITY[sdk=iphoneos*]" = "iPhone Developer";
				COPY_PHASE_STRIP = NO;
				DEBUG_INFORMATION_FORMAT = "dwarf-with-dsym";
				ENABLE_NS_ASSERTIONS = NO;
				ENABLE_STRICT_OBJC_MSGSEND = YES;
				GCC_C_LANGUAGE_STANDARD = gnu99;
				GCC_NO_COMMON_BLOCKS = YES;
				GCC_WARN_64_TO_32_BIT_CONVERSION = YES;
				GCC_WARN_ABOUT_RETURN_TYPE = YES_ERROR;
				GCC_WARN_UNDECLARED_SELECTOR = YES;
				GCC_WARN_UNINITIALIZED_AUTOS = YES_AGGRESSIVE;
				GCC_WARN_UNUSED_FUNCTION = YES;
				GCC_WARN_UNUSED_VARIABLE = YES;
				IPHONEOS_DEPLOYMENT_TARGET = 9.3;
				MTL_ENABLE_DEBUG_INFO = NO;
				SDKROOT = iphoneos;
				SWIFT_OPTIMIZATION_LEVEL = "-Owholemodule";
				TARGETED_DEVICE_FAMILY = "1,2";
				VALIDATE_PRODUCT = YES;
			};
			name = Release;
		};
		2AD282A21CD8520800C4655E /* Debug */ = {
			isa = XCBuildConfiguration;
			baseConfigurationReference = 9E9628EBA50EBD12EDA813B3 /* Pods-ShadowsocksFree.debug.xcconfig */;
			buildSettings = {
				ALWAYS_EMBED_SWIFT_STANDARD_LIBRARIES = YES;
				ASSETCATALOG_COMPILER_APPICON_NAME = AppIcon;
				CODE_SIGN_IDENTITY = "iPhone Developer";
				"CODE_SIGN_IDENTITY[sdk=iphoneos*]" = "iPhone Developer";
				DEVELOPMENT_TEAM = N7XNKCS3XY;
				INFOPLIST_FILE = ShadowsocksFree/Info.plist;
				IPHONEOS_DEPLOYMENT_TARGET = 9.0;
				LD_RUNPATH_SEARCH_PATHS = "$(inherited) @executable_path/Frameworks";
				LLVM_LTO = NO;
				NEW_SETTING = "";
				OTHER_SWIFT_FLAGS = "$(inherited) \"-D\" \"COCOAPODS\" -D DEBUG";
				PRODUCT_BUNDLE_IDENTIFIER = com.shadowsocksfree;
				PRODUCT_NAME = "$(TARGET_NAME)";
				PROVISIONING_PROFILE = "";
				SWIFT_VERSION = 3.0;
			};
			name = Debug;
		};
		2AD282A31CD8520800C4655E /* Release */ = {
			isa = XCBuildConfiguration;
			baseConfigurationReference = AC923A7DB871A38B57BD3C23 /* Pods-ShadowsocksFree.release.xcconfig */;
			buildSettings = {
				ALWAYS_EMBED_SWIFT_STANDARD_LIBRARIES = YES;
				ASSETCATALOG_COMPILER_APPICON_NAME = AppIcon;
				CODE_SIGN_IDENTITY = "iPhone Developer";
				"CODE_SIGN_IDENTITY[sdk=iphoneos*]" = "iPhone Developer";
				DEVELOPMENT_TEAM = N7XNKCS3XY;
				INFOPLIST_FILE = ShadowsocksFree/Info.plist;
				IPHONEOS_DEPLOYMENT_TARGET = 9.0;
				LD_RUNPATH_SEARCH_PATHS = "$(inherited) @executable_path/Frameworks";
				LLVM_LTO = NO;
				NEW_SETTING = "";
				OTHER_SWIFT_FLAGS = "$(inherited) \"-D\" \"COCOAPODS\" -D DEBUG";
				PRODUCT_BUNDLE_IDENTIFIER = com.shadowsocksfree;
				PRODUCT_NAME = "$(TARGET_NAME)";
				PROVISIONING_PROFILE = "";
				SWIFT_VERSION = 3.0;
			};
			name = Release;
		};
		2AD282A51CD8520800C4655E /* Debug */ = {
			isa = XCBuildConfiguration;
			buildSettings = {
				BUNDLE_LOADER = "$(TEST_HOST)";
				INFOPLIST_FILE = ShadowsocksFreeTests/Info.plist;
				LD_RUNPATH_SEARCH_PATHS = "$(inherited) @executable_path/Frameworks @loader_path/Frameworks";
				PRODUCT_BUNDLE_IDENTIFIER = com.ChengLuffy.ShadowsocksFreeTests;
				PRODUCT_NAME = "$(TARGET_NAME)";
				SWIFT_VERSION = 3.0;
				TEST_HOST = "$(BUILT_PRODUCTS_DIR)/ShadowsocksFree.app/ShadowsocksFree";
			};
			name = Debug;
		};
		2AD282A61CD8520800C4655E /* Release */ = {
			isa = XCBuildConfiguration;
			buildSettings = {
				BUNDLE_LOADER = "$(TEST_HOST)";
				INFOPLIST_FILE = ShadowsocksFreeTests/Info.plist;
				LD_RUNPATH_SEARCH_PATHS = "$(inherited) @executable_path/Frameworks @loader_path/Frameworks";
				PRODUCT_BUNDLE_IDENTIFIER = com.ChengLuffy.ShadowsocksFreeTests;
				PRODUCT_NAME = "$(TARGET_NAME)";
				SWIFT_VERSION = 3.0;
				TEST_HOST = "$(BUILT_PRODUCTS_DIR)/ShadowsocksFree.app/ShadowsocksFree";
			};
			name = Release;
		};
		2AD282A81CD8520800C4655E /* Debug */ = {
			isa = XCBuildConfiguration;
			buildSettings = {
				INFOPLIST_FILE = ShadowsocksFreeUITests/Info.plist;
				LD_RUNPATH_SEARCH_PATHS = "$(inherited) @executable_path/Frameworks @loader_path/Frameworks";
				PRODUCT_BUNDLE_IDENTIFIER = com.ChengLuffy.ShadowsocksFreeUITests;
				PRODUCT_NAME = "$(TARGET_NAME)";
				SWIFT_VERSION = 3.0;
				TEST_TARGET_NAME = ShadowsocksFree;
			};
			name = Debug;
		};
		2AD282A91CD8520800C4655E /* Release */ = {
			isa = XCBuildConfiguration;
			buildSettings = {
				INFOPLIST_FILE = ShadowsocksFreeUITests/Info.plist;
				LD_RUNPATH_SEARCH_PATHS = "$(inherited) @executable_path/Frameworks @loader_path/Frameworks";
				PRODUCT_BUNDLE_IDENTIFIER = com.ChengLuffy.ShadowsocksFreeUITests;
				PRODUCT_NAME = "$(TARGET_NAME)";
				SWIFT_VERSION = 3.0;
				TEST_TARGET_NAME = ShadowsocksFree;
			};
			name = Release;
		};
/* End XCBuildConfiguration section */

/* Begin XCConfigurationList section */
		2AD282741CD8520800C4655E /* Build configuration list for PBXProject "ShadowsocksFree" */ = {
			isa = XCConfigurationList;
			buildConfigurations = (
				2AD2829F1CD8520800C4655E /* Debug */,
				2AD282A01CD8520800C4655E /* Release */,
			);
			defaultConfigurationIsVisible = 0;
			defaultConfigurationName = Release;
		};
		2AD282A11CD8520800C4655E /* Build configuration list for PBXNativeTarget "ShadowsocksFree" */ = {
			isa = XCConfigurationList;
			buildConfigurations = (
				2AD282A21CD8520800C4655E /* Debug */,
				2AD282A31CD8520800C4655E /* Release */,
			);
			defaultConfigurationIsVisible = 0;
			defaultConfigurationName = Release;
		};
		2AD282A41CD8520800C4655E /* Build configuration list for PBXNativeTarget "ShadowsocksFreeTests" */ = {
			isa = XCConfigurationList;
			buildConfigurations = (
				2AD282A51CD8520800C4655E /* Debug */,
				2AD282A61CD8520800C4655E /* Release */,
			);
			defaultConfigurationIsVisible = 0;
			defaultConfigurationName = Release;
		};
		2AD282A71CD8520800C4655E /* Build configuration list for PBXNativeTarget "ShadowsocksFreeUITests" */ = {
			isa = XCConfigurationList;
			buildConfigurations = (
				2AD282A81CD8520800C4655E /* Debug */,
				2AD282A91CD8520800C4655E /* Release */,
			);
			defaultConfigurationIsVisible = 0;
			defaultConfigurationName = Release;
		};
/* End XCConfigurationList section */
	};
	rootObject = 2AD282711CD8520800C4655E /* Project object */;
}
