// !$*UTF8*$!
{
	archiveVersion = 1;
	classes = {
	};
	objectVersion = 46;
	objects = {

/* Begin PBXBuildFile section */
		105E10C3E7420E7532F6CE9D /* Pods_ShadowsocksFree.framework in Frameworks */ = {isa = PBXBuildFile; fileRef = 9BD2E2C0E986A5A63E924725 /* Pods_ShadowsocksFree.framework */; };
		1D10D67E1FD7ECD00013C6EA /* AlertMSG.swift in Sources */ = {isa = PBXBuildFile; fileRef = 1D10D67D1FD7ECD00013C6EA /* AlertMSG.swift */; };
		1D2A51532085923F006E4014 /* NetData.swift in Sources */ = {isa = PBXBuildFile; fileRef = 1D2A51522085923F006E4014 /* NetData.swift */; };
		1D2A516C20859E4A006E4014 /* NotificationCenter.framework in Frameworks */ = {isa = PBXBuildFile; fileRef = 1D2A51402085909D006E4014 /* NotificationCenter.framework */; };
		1D2A516F20859E4A006E4014 /* TodayViewController.swift in Sources */ = {isa = PBXBuildFile; fileRef = 1D2A516E20859E4A006E4014 /* TodayViewController.swift */; };
		1D2A517620859E4A006E4014 /* SSFTodayWidget.appex in Embed App Extensions */ = {isa = PBXBuildFile; fileRef = 1D2A516B20859E4A006E4014 /* SSFTodayWidget.appex */; settings = {ATTRIBUTES = (RemoveHeadersOnCopy, ); }; };
		1D2C19E9208D83A70077ECD7 /* NetworkExtension.framework in Frameworks */ = {isa = PBXBuildFile; fileRef = 1D2C19E8208D83A70077ECD7 /* NetworkExtension.framework */; };
		1D2C19EC208D84C80077ECD7 /* VPNManager.swift in Sources */ = {isa = PBXBuildFile; fileRef = 1D2C19EB208D84C80077ECD7 /* VPNManager.swift */; };
		1D2C19EE208D85640077ECD7 /* NEKitRule.conf in Resources */ = {isa = PBXBuildFile; fileRef = 1D2C19ED208D85640077ECD7 /* NEKitRule.conf */; };
		1D2C1A18208D89600077ECD7 /* PacketTunnelProvider.swift in Sources */ = {isa = PBXBuildFile; fileRef = 1D2C1A17208D89600077ECD7 /* PacketTunnelProvider.swift */; };
		1D2C1A1D208D89600077ECD7 /* PacketTunnel.appex in Embed App Extensions */ = {isa = PBXBuildFile; fileRef = 1D2C1A15208D89600077ECD7 /* PacketTunnel.appex */; settings = {ATTRIBUTES = (RemoveHeadersOnCopy, ); }; };
		1D2C1A21208D896A0077ECD7 /* NetworkExtension.framework in Frameworks */ = {isa = PBXBuildFile; fileRef = 1D2C19E8208D83A70077ECD7 /* NetworkExtension.framework */; };
		1D2C1A23208D89C10077ECD7 /* CocoaAsyncSocket.framework in Frameworks */ = {isa = PBXBuildFile; fileRef = 1D2C1A22208D89C10077ECD7 /* CocoaAsyncSocket.framework */; };
		1D2C1A25208D89C50077ECD7 /* CocoaLumberjack.framework in Frameworks */ = {isa = PBXBuildFile; fileRef = 1D2C1A24208D89C50077ECD7 /* CocoaLumberjack.framework */; };
		1D2C1A27208D89CC0077ECD7 /* CocoaLumberjackSwift.framework in Frameworks */ = {isa = PBXBuildFile; fileRef = 1D2C1A26208D89CC0077ECD7 /* CocoaLumberjackSwift.framework */; };
		1D2C1A29208D89CE0077ECD7 /* lwip.framework in Frameworks */ = {isa = PBXBuildFile; fileRef = 1D2C1A28208D89CE0077ECD7 /* lwip.framework */; };
		1D2C1A2B208D89D30077ECD7 /* MMDB.framework in Frameworks */ = {isa = PBXBuildFile; fileRef = 1D2C1A2A208D89D30077ECD7 /* MMDB.framework */; };
		1D2C1A2D208D89D60077ECD7 /* NEKit.framework in Frameworks */ = {isa = PBXBuildFile; fileRef = 1D2C1A2C208D89D60077ECD7 /* NEKit.framework */; };
		1D2C1A2F208D89DC0077ECD7 /* Sodium.framework in Frameworks */ = {isa = PBXBuildFile; fileRef = 1D2C1A2E208D89DC0077ECD7 /* Sodium.framework */; };
		1D2C1A31208D89E10077ECD7 /* tun2socks.framework in Frameworks */ = {isa = PBXBuildFile; fileRef = 1D2C1A30208D89E10077ECD7 /* tun2socks.framework */; };
		1D2C1A33208D89E60077ECD7 /* Yaml.framework in Frameworks */ = {isa = PBXBuildFile; fileRef = 1D2C1A32208D89E60077ECD7 /* Yaml.framework */; };
		1D2C1A35208D89EE0077ECD7 /* Resolver.framework in Frameworks */ = {isa = PBXBuildFile; fileRef = 1D2C1A34208D89EE0077ECD7 /* Resolver.framework */; };
		1D4055B21FFC7449004EAD04 /* SettingViewController.swift in Sources */ = {isa = PBXBuildFile; fileRef = 1D4055B11FFC7449004EAD04 /* SettingViewController.swift */; };
		1D8C45A5209AFD7B00981751 /* Utils.m in Sources */ = {isa = PBXBuildFile; fileRef = 1D8C45A4209AFD7B00981751 /* Utils.m */; };
		1D8D0A291FCBED0200DA470A /* HeaderView.swift in Sources */ = {isa = PBXBuildFile; fileRef = 1D8D0A281FCBED0200DA470A /* HeaderView.swift */; };
		1DC407B51FCCEF4700132269 /* ViewController.swift in Sources */ = {isa = PBXBuildFile; fileRef = 1DC407B41FCCEF4700132269 /* ViewController.swift */; };
		1DC407BA1FCCF76200132269 /* QRCollectionViewCell.xib in Resources */ = {isa = PBXBuildFile; fileRef = 1DC407B81FCCF76100132269 /* QRCollectionViewCell.xib */; };
		1DC407BB1FCCF76200132269 /* QRCollectionViewCell.swift in Sources */ = {isa = PBXBuildFile; fileRef = 1DC407B91FCCF76200132269 /* QRCollectionViewCell.swift */; };
		1DC407BE1FCCF79200132269 /* QRCollectionReusableHeaderView.xib in Resources */ = {isa = PBXBuildFile; fileRef = 1DC407BC1FCCF79100132269 /* QRCollectionReusableHeaderView.xib */; };
		1DC407BF1FCCF79200132269 /* QRCollectionReusableHeaderView.swift in Sources */ = {isa = PBXBuildFile; fileRef = 1DC407BD1FCCF79200132269 /* QRCollectionReusableHeaderView.swift */; };
		1DC407C11FCD51E300132269 /* GuideViewController.swift in Sources */ = {isa = PBXBuildFile; fileRef = 1DC407C01FCD51E300132269 /* GuideViewController.swift */; };
		1DC407C41FCD5B9900132269 /* Localizable.strings in Resources */ = {isa = PBXBuildFile; fileRef = 1DC407C61FCD5B9900132269 /* Localizable.strings */; };
		1DC4B0182085A085003C70A1 /* NetData.swift in Sources */ = {isa = PBXBuildFile; fileRef = 1D2A51522085923F006E4014 /* NetData.swift */; };
		1DC4B01B2085A190003C70A1 /* Model.swift in Sources */ = {isa = PBXBuildFile; fileRef = 2A33CE9B1D1C0642000F652A /* Model.swift */; };
		1DC4B01E2085A396003C70A1 /* QRImageCreate.swift in Sources */ = {isa = PBXBuildFile; fileRef = 2A33CEB61D1C0711000F652A /* QRImageCreate.swift */; };
		1DC4B0212085C386003C70A1 /* CollectionViewCell.xib in Resources */ = {isa = PBXBuildFile; fileRef = 1DC4B01F2085C386003C70A1 /* CollectionViewCell.xib */; };
		1DC4B0222085C386003C70A1 /* CollectionViewCell.swift in Sources */ = {isa = PBXBuildFile; fileRef = 1DC4B0202085C386003C70A1 /* CollectionViewCell.swift */; };
		2A33CE9C1D1C0642000F652A /* Model.swift in Sources */ = {isa = PBXBuildFile; fileRef = 2A33CE9B1D1C0642000F652A /* Model.swift */; };
		2A33CEA41D1C067B000F652A /* QRViewController.swift in Sources */ = {isa = PBXBuildFile; fileRef = 2A33CEA01D1C067B000F652A /* QRViewController.swift */; };
		2A33CEB71D1C0711000F652A /* QRImageCreate.swift in Sources */ = {isa = PBXBuildFile; fileRef = 2A33CEB61D1C0711000F652A /* QRImageCreate.swift */; };
		2AD2827D1CD8520800C4655E /* AppDelegate.swift in Sources */ = {isa = PBXBuildFile; fileRef = 2AD2827C1CD8520800C4655E /* AppDelegate.swift */; };
		2AD282821CD8520800C4655E /* Main.storyboard in Resources */ = {isa = PBXBuildFile; fileRef = 2AD282801CD8520800C4655E /* Main.storyboard */; };
		2AD282841CD8520800C4655E /* Assets.xcassets in Resources */ = {isa = PBXBuildFile; fileRef = 2AD282831CD8520800C4655E /* Assets.xcassets */; };
		2AD282871CD8520800C4655E /* LaunchScreen.storyboard in Resources */ = {isa = PBXBuildFile; fileRef = 2AD282851CD8520800C4655E /* LaunchScreen.storyboard */; };
		6977BBAF827117401CEEDA30 /* Pods_SSFTodayWidget.framework in Frameworks */ = {isa = PBXBuildFile; fileRef = A45DAB4B4C36F9D90CC95E64 /* Pods_SSFTodayWidget.framework */; };
		9D6B82CDAC9CD66BD5DD9513 /* Pods-SSFTodayWidget-metadata.plist in Resources */ = {isa = PBXBuildFile; fileRef = ED92785DF061CE45B1510C24 /* Pods-SSFTodayWidget-metadata.plist */; };
		E989C101DA0FEE619AC011D7 /* Pods-ShadowsocksFree-metadata.plist in Resources */ = {isa = PBXBuildFile; fileRef = 7CE7C0EDB3D1CD2109DBF025 /* Pods-ShadowsocksFree-metadata.plist */; };
/* End PBXBuildFile section */

/* Begin PBXContainerItemProxy section */
		1D2A517420859E4A006E4014 /* PBXContainerItemProxy */ = {
			isa = PBXContainerItemProxy;
			containerPortal = 2AD282711CD8520800C4655E /* Project object */;
			proxyType = 1;
			remoteGlobalIDString = 1D2A516A20859E4A006E4014;
			remoteInfo = SSFTodayWidget;
		};
		1D2C1A1B208D89600077ECD7 /* PBXContainerItemProxy */ = {
			isa = PBXContainerItemProxy;
			containerPortal = 2AD282711CD8520800C4655E /* Project object */;
			proxyType = 1;
			remoteGlobalIDString = 1D2C1A14208D89600077ECD7;
			remoteInfo = PacketTunnel;
		};
/* End PBXContainerItemProxy section */

/* Begin PBXCopyFilesBuildPhase section */
		1D2A514F2085909D006E4014 /* Embed App Extensions */ = {
			isa = PBXCopyFilesBuildPhase;
			buildActionMask = 2147483647;
			dstPath = "";
			dstSubfolderSpec = 13;
			files = (
				1D2C1A1D208D89600077ECD7 /* PacketTunnel.appex in Embed App Extensions */,
				1D2A517620859E4A006E4014 /* SSFTodayWidget.appex in Embed App Extensions */,
			);
			name = "Embed App Extensions";
			runOnlyForDeploymentPostprocessing = 0;
		};
/* End PBXCopyFilesBuildPhase section */

/* Begin PBXFileReference section */
		1D10D67D1FD7ECD00013C6EA /* AlertMSG.swift */ = {isa = PBXFileReference; lastKnownFileType = sourcecode.swift; path = AlertMSG.swift; sourceTree = "<group>"; };
		1D2A51402085909D006E4014 /* NotificationCenter.framework */ = {isa = PBXFileReference; lastKnownFileType = wrapper.framework; name = NotificationCenter.framework; path = System/Library/Frameworks/NotificationCenter.framework; sourceTree = SDKROOT; };
		1D2A51522085923F006E4014 /* NetData.swift */ = {isa = PBXFileReference; lastKnownFileType = sourcecode.swift; path = NetData.swift; sourceTree = "<group>"; };
		1D2A516B20859E4A006E4014 /* SSFTodayWidget.appex */ = {isa = PBXFileReference; explicitFileType = "wrapper.app-extension"; includeInIndex = 0; path = SSFTodayWidget.appex; sourceTree = BUILT_PRODUCTS_DIR; };
		1D2A516E20859E4A006E4014 /* TodayViewController.swift */ = {isa = PBXFileReference; lastKnownFileType = sourcecode.swift; path = TodayViewController.swift; sourceTree = "<group>"; };
		1D2A517320859E4A006E4014 /* Info.plist */ = {isa = PBXFileReference; lastKnownFileType = text.plist.xml; path = Info.plist; sourceTree = "<group>"; };
		1D2C19E8208D83A70077ECD7 /* NetworkExtension.framework */ = {isa = PBXFileReference; lastKnownFileType = wrapper.framework; name = NetworkExtension.framework; path = System/Library/Frameworks/NetworkExtension.framework; sourceTree = SDKROOT; };
		1D2C19EB208D84C80077ECD7 /* VPNManager.swift */ = {isa = PBXFileReference; fileEncoding = 4; lastKnownFileType = sourcecode.swift; path = VPNManager.swift; sourceTree = "<group>"; };
		1D2C19ED208D85640077ECD7 /* NEKitRule.conf */ = {isa = PBXFileReference; fileEncoding = 4; lastKnownFileType = text; path = NEKitRule.conf; sourceTree = "<group>"; };
		1D2C1A15208D89600077ECD7 /* PacketTunnel.appex */ = {isa = PBXFileReference; explicitFileType = "wrapper.app-extension"; includeInIndex = 0; path = PacketTunnel.appex; sourceTree = BUILT_PRODUCTS_DIR; };
		1D2C1A17208D89600077ECD7 /* PacketTunnelProvider.swift */ = {isa = PBXFileReference; lastKnownFileType = sourcecode.swift; path = PacketTunnelProvider.swift; sourceTree = "<group>"; };
		1D2C1A19208D89600077ECD7 /* Info.plist */ = {isa = PBXFileReference; lastKnownFileType = text.plist.xml; path = Info.plist; sourceTree = "<group>"; };
		1D2C1A1A208D89600077ECD7 /* PacketTunnel.entitlements */ = {isa = PBXFileReference; lastKnownFileType = text.plist.entitlements; path = PacketTunnel.entitlements; sourceTree = "<group>"; };
		1D2C1A22208D89C10077ECD7 /* CocoaAsyncSocket.framework */ = {isa = PBXFileReference; lastKnownFileType = wrapper.framework; name = CocoaAsyncSocket.framework; path = Carthage/Build/iOS/CocoaAsyncSocket.framework; sourceTree = SOURCE_ROOT; };
		1D2C1A24208D89C50077ECD7 /* CocoaLumberjack.framework */ = {isa = PBXFileReference; lastKnownFileType = wrapper.framework; name = CocoaLumberjack.framework; path = Carthage/Build/iOS/CocoaLumberjack.framework; sourceTree = SOURCE_ROOT; };
		1D2C1A26208D89CC0077ECD7 /* CocoaLumberjackSwift.framework */ = {isa = PBXFileReference; lastKnownFileType = wrapper.framework; name = CocoaLumberjackSwift.framework; path = Carthage/Build/iOS/CocoaLumberjackSwift.framework; sourceTree = SOURCE_ROOT; };
		1D2C1A28208D89CE0077ECD7 /* lwip.framework */ = {isa = PBXFileReference; lastKnownFileType = wrapper.framework; name = lwip.framework; path = Carthage/Build/iOS/lwip.framework; sourceTree = SOURCE_ROOT; };
		1D2C1A2A208D89D30077ECD7 /* MMDB.framework */ = {isa = PBXFileReference; lastKnownFileType = wrapper.framework; name = MMDB.framework; path = Carthage/Build/iOS/MMDB.framework; sourceTree = SOURCE_ROOT; };
		1D2C1A2C208D89D60077ECD7 /* NEKit.framework */ = {isa = PBXFileReference; lastKnownFileType = wrapper.framework; name = NEKit.framework; path = Carthage/Build/iOS/NEKit.framework; sourceTree = SOURCE_ROOT; };
		1D2C1A2E208D89DC0077ECD7 /* Sodium.framework */ = {isa = PBXFileReference; lastKnownFileType = wrapper.framework; name = Sodium.framework; path = Carthage/Build/iOS/Sodium.framework; sourceTree = SOURCE_ROOT; };
		1D2C1A30208D89E10077ECD7 /* tun2socks.framework */ = {isa = PBXFileReference; lastKnownFileType = wrapper.framework; name = tun2socks.framework; path = Carthage/Build/iOS/tun2socks.framework; sourceTree = SOURCE_ROOT; };
		1D2C1A32208D89E60077ECD7 /* Yaml.framework */ = {isa = PBXFileReference; lastKnownFileType = wrapper.framework; name = Yaml.framework; path = Carthage/Build/iOS/Yaml.framework; sourceTree = SOURCE_ROOT; };
		1D2C1A34208D89EE0077ECD7 /* Resolver.framework */ = {isa = PBXFileReference; lastKnownFileType = wrapper.framework; name = Resolver.framework; path = Carthage/Build/iOS/Resolver.framework; sourceTree = SOURCE_ROOT; };
		1D325C16211018F70061CC35 /* CommonCrypto.framework */ = {isa = PBXFileReference; lastKnownFileType = wrapper.framework; name = CommonCrypto.framework; path = iphoneos/CommonCrypto.framework; sourceTree = "<group>"; };
		1D4055B11FFC7449004EAD04 /* SettingViewController.swift */ = {isa = PBXFileReference; fileEncoding = 4; lastKnownFileType = sourcecode.swift; path = SettingViewController.swift; sourceTree = "<group>"; };
		1D8C45A2209AFD7A00981751 /* ShadowsocksFree-Bridging-Header.h */ = {isa = PBXFileReference; lastKnownFileType = sourcecode.c.h; path = "ShadowsocksFree-Bridging-Header.h"; sourceTree = "<group>"; };
		1D8C45A3209AFD7B00981751 /* Utils.h */ = {isa = PBXFileReference; fileEncoding = 4; lastKnownFileType = sourcecode.c.h; path = Utils.h; sourceTree = "<group>"; };
		1D8C45A4209AFD7B00981751 /* Utils.m */ = {isa = PBXFileReference; fileEncoding = 4; lastKnownFileType = sourcecode.c.objc; path = Utils.m; sourceTree = "<group>"; };
		1D8D0A281FCBED0200DA470A /* HeaderView.swift */ = {isa = PBXFileReference; lastKnownFileType = sourcecode.swift; path = HeaderView.swift; sourceTree = "<group>"; };
		1DC407B41FCCEF4700132269 /* ViewController.swift */ = {isa = PBXFileReference; lastKnownFileType = sourcecode.swift; path = ViewController.swift; sourceTree = "<group>"; };
		1DC407B81FCCF76100132269 /* QRCollectionViewCell.xib */ = {isa = PBXFileReference; fileEncoding = 4; lastKnownFileType = file.xib; path = QRCollectionViewCell.xib; sourceTree = "<group>"; };
		1DC407B91FCCF76200132269 /* QRCollectionViewCell.swift */ = {isa = PBXFileReference; fileEncoding = 4; lastKnownFileType = sourcecode.swift; path = QRCollectionViewCell.swift; sourceTree = "<group>"; };
		1DC407BC1FCCF79100132269 /* QRCollectionReusableHeaderView.xib */ = {isa = PBXFileReference; fileEncoding = 4; lastKnownFileType = file.xib; path = QRCollectionReusableHeaderView.xib; sourceTree = "<group>"; };
		1DC407BD1FCCF79200132269 /* QRCollectionReusableHeaderView.swift */ = {isa = PBXFileReference; fileEncoding = 4; lastKnownFileType = sourcecode.swift; path = QRCollectionReusableHeaderView.swift; sourceTree = "<group>"; };
		1DC407C01FCD51E300132269 /* GuideViewController.swift */ = {isa = PBXFileReference; lastKnownFileType = sourcecode.swift; path = GuideViewController.swift; sourceTree = "<group>"; };
		1DC407C51FCD5B9900132269 /* en */ = {isa = PBXFileReference; lastKnownFileType = text.plist.strings; name = en; path = en.lproj/Localizable.strings; sourceTree = "<group>"; };
		1DC407CB1FCD5C6600132269 /* zh-Hans */ = {isa = PBXFileReference; lastKnownFileType = text.plist.strings; name = "zh-Hans"; path = "zh-Hans.lproj/Localizable.strings"; sourceTree = "<group>"; };
		1DC4B0192085A0D9003C70A1 /* ShadowsocksFree.entitlements */ = {isa = PBXFileReference; lastKnownFileType = text.plist.entitlements; path = ShadowsocksFree.entitlements; sourceTree = "<group>"; };
		1DC4B01A2085A0EF003C70A1 /* SSFTodayWidget.entitlements */ = {isa = PBXFileReference; lastKnownFileType = text.plist.entitlements; path = SSFTodayWidget.entitlements; sourceTree = "<group>"; };
		1DC4B01F2085C386003C70A1 /* CollectionViewCell.xib */ = {isa = PBXFileReference; fileEncoding = 4; lastKnownFileType = file.xib; path = CollectionViewCell.xib; sourceTree = "<group>"; };
		1DC4B0202085C386003C70A1 /* CollectionViewCell.swift */ = {isa = PBXFileReference; fileEncoding = 4; lastKnownFileType = sourcecode.swift; path = CollectionViewCell.swift; sourceTree = "<group>"; };
		2A33CE9B1D1C0642000F652A /* Model.swift */ = {isa = PBXFileReference; fileEncoding = 4; lastKnownFileType = sourcecode.swift; path = Model.swift; sourceTree = "<group>"; };
		2A33CEA01D1C067B000F652A /* QRViewController.swift */ = {isa = PBXFileReference; fileEncoding = 4; lastKnownFileType = sourcecode.swift; path = QRViewController.swift; sourceTree = "<group>"; };
		2A33CEB61D1C0711000F652A /* QRImageCreate.swift */ = {isa = PBXFileReference; fileEncoding = 4; lastKnownFileType = sourcecode.swift; path = QRImageCreate.swift; sourceTree = "<group>"; };
		2AD282791CD8520800C4655E /* ShadowsocksFree.app */ = {isa = PBXFileReference; explicitFileType = wrapper.application; includeInIndex = 0; path = ShadowsocksFree.app; sourceTree = BUILT_PRODUCTS_DIR; };
		2AD2827C1CD8520800C4655E /* AppDelegate.swift */ = {isa = PBXFileReference; lastKnownFileType = sourcecode.swift; path = AppDelegate.swift; sourceTree = "<group>"; };
		2AD282811CD8520800C4655E /* Base */ = {isa = PBXFileReference; lastKnownFileType = file.storyboard; name = Base; path = Base.lproj/Main.storyboard; sourceTree = "<group>"; };
		2AD282831CD8520800C4655E /* Assets.xcassets */ = {isa = PBXFileReference; lastKnownFileType = folder.assetcatalog; path = Assets.xcassets; sourceTree = "<group>"; };
		2AD282861CD8520800C4655E /* Base */ = {isa = PBXFileReference; lastKnownFileType = file.storyboard; name = Base; path = Base.lproj/LaunchScreen.storyboard; sourceTree = "<group>"; };
		2AD282881CD8520800C4655E /* Info.plist */ = {isa = PBXFileReference; lastKnownFileType = text.plist.xml; path = Info.plist; sourceTree = "<group>"; };
		6126DFC8F639F4724B69E146 /* Pods-SSFTodayWidget.release.xcconfig */ = {isa = PBXFileReference; includeInIndex = 1; lastKnownFileType = text.xcconfig; name = "Pods-SSFTodayWidget.release.xcconfig"; path = "Pods/Target Support Files/Pods-SSFTodayWidget/Pods-SSFTodayWidget.release.xcconfig"; sourceTree = "<group>"; };
		7CE7C0EDB3D1CD2109DBF025 /* Pods-ShadowsocksFree-metadata.plist */ = {isa = PBXFileReference; includeInIndex = 1; lastKnownFileType = text.plist.xml; name = "Pods-ShadowsocksFree-metadata.plist"; path = "Pods/Pods-ShadowsocksFree-metadata.plist"; sourceTree = "<group>"; };
		98FF1789151299B223B13359 /* Pods_SSFTodayWidget.framework */ = {isa = PBXFileReference; explicitFileType = wrapper.framework; includeInIndex = 0; path = Pods_SSFTodayWidget.framework; sourceTree = BUILT_PRODUCTS_DIR; };
		9BD2E2C0E986A5A63E924725 /* Pods_ShadowsocksFree.framework */ = {isa = PBXFileReference; explicitFileType = wrapper.framework; includeInIndex = 0; path = Pods_ShadowsocksFree.framework; sourceTree = BUILT_PRODUCTS_DIR; };
		9DC121B21320A626A75E4D59 /* Pods.framework */ = {isa = PBXFileReference; explicitFileType = wrapper.framework; includeInIndex = 0; path = Pods.framework; sourceTree = BUILT_PRODUCTS_DIR; };
		9E9628EBA50EBD12EDA813B3 /* Pods-ShadowsocksFree.debug.xcconfig */ = {isa = PBXFileReference; includeInIndex = 1; lastKnownFileType = text.xcconfig; name = "Pods-ShadowsocksFree.debug.xcconfig"; path = "Pods/Target Support Files/Pods-ShadowsocksFree/Pods-ShadowsocksFree.debug.xcconfig"; sourceTree = "<group>"; };
		A45DAB4B4C36F9D90CC95E64 /* Pods_SSFTodayWidget.framework */ = {isa = PBXFileReference; explicitFileType = wrapper.framework; includeInIndex = 0; path = Pods_SSFTodayWidget.framework; sourceTree = BUILT_PRODUCTS_DIR; };
		AC923A7DB871A38B57BD3C23 /* Pods-ShadowsocksFree.release.xcconfig */ = {isa = PBXFileReference; includeInIndex = 1; lastKnownFileType = text.xcconfig; name = "Pods-ShadowsocksFree.release.xcconfig"; path = "Pods/Target Support Files/Pods-ShadowsocksFree/Pods-ShadowsocksFree.release.xcconfig"; sourceTree = "<group>"; };
		EC464DB1039552D724250DD9 /* Pods-SSFTodayWidget.debug.xcconfig */ = {isa = PBXFileReference; includeInIndex = 1; lastKnownFileType = text.xcconfig; name = "Pods-SSFTodayWidget.debug.xcconfig"; path = "Pods/Target Support Files/Pods-SSFTodayWidget/Pods-SSFTodayWidget.debug.xcconfig"; sourceTree = "<group>"; };
		ED92785DF061CE45B1510C24 /* Pods-SSFTodayWidget-metadata.plist */ = {isa = PBXFileReference; includeInIndex = 1; lastKnownFileType = text.plist.xml; name = "Pods-SSFTodayWidget-metadata.plist"; path = "Pods/Pods-SSFTodayWidget-metadata.plist"; sourceTree = "<group>"; };
		F3EE6217980EFE6DDB0BFB41 /* Pods_ShadowsocksFree.framework */ = {isa = PBXFileReference; explicitFileType = wrapper.framework; includeInIndex = 0; path = Pods_ShadowsocksFree.framework; sourceTree = BUILT_PRODUCTS_DIR; };
/* End PBXFileReference section */

/* Begin PBXFrameworksBuildPhase section */
		1D2A516820859E4A006E4014 /* Frameworks */ = {
			isa = PBXFrameworksBuildPhase;
			buildActionMask = 2147483647;
			files = (
				1D2A516C20859E4A006E4014 /* NotificationCenter.framework in Frameworks */,
				6977BBAF827117401CEEDA30 /* Pods_SSFTodayWidget.framework in Frameworks */,
			);
			runOnlyForDeploymentPostprocessing = 0;
		};
		1D2C1A12208D89600077ECD7 /* Frameworks */ = {
			isa = PBXFrameworksBuildPhase;
			buildActionMask = 2147483647;
			files = (
				1D2C1A27208D89CC0077ECD7 /* CocoaLumberjackSwift.framework in Frameworks */,
				1D2C1A35208D89EE0077ECD7 /* Resolver.framework in Frameworks */,
				1D2C1A2D208D89D60077ECD7 /* NEKit.framework in Frameworks */,
				1D2C1A31208D89E10077ECD7 /* tun2socks.framework in Frameworks */,
				1D2C1A33208D89E60077ECD7 /* Yaml.framework in Frameworks */,
				1D2C1A2B208D89D30077ECD7 /* MMDB.framework in Frameworks */,
				1D2C1A2F208D89DC0077ECD7 /* Sodium.framework in Frameworks */,
				1D2C1A29208D89CE0077ECD7 /* lwip.framework in Frameworks */,
				1D2C1A21208D896A0077ECD7 /* NetworkExtension.framework in Frameworks */,
				1D2C1A23208D89C10077ECD7 /* CocoaAsyncSocket.framework in Frameworks */,
				1D2C1A25208D89C50077ECD7 /* CocoaLumberjack.framework in Frameworks */,
			);
			runOnlyForDeploymentPostprocessing = 0;
		};
		2AD282761CD8520800C4655E /* Frameworks */ = {
			isa = PBXFrameworksBuildPhase;
			buildActionMask = 2147483647;
			files = (
				105E10C3E7420E7532F6CE9D /* Pods_ShadowsocksFree.framework in Frameworks */,
				1D2C19E9208D83A70077ECD7 /* NetworkExtension.framework in Frameworks */,
			);
			runOnlyForDeploymentPostprocessing = 0;
		};
/* End PBXFrameworksBuildPhase section */

/* Begin PBXGroup section */
		1D2A516D20859E4A006E4014 /* SSFTodayWidget */ = {
			isa = PBXGroup;
			children = (
				1DC4B01A2085A0EF003C70A1 /* SSFTodayWidget.entitlements */,
				1D2A516E20859E4A006E4014 /* TodayViewController.swift */,
				1DC4B0202085C386003C70A1 /* CollectionViewCell.swift */,
				1DC4B01F2085C386003C70A1 /* CollectionViewCell.xib */,
				1D2A517320859E4A006E4014 /* Info.plist */,
			);
			path = SSFTodayWidget;
			sourceTree = "<group>";
		};
		1D2C1A08208D87520077ECD7 /* Frameworks */ = {
			isa = PBXGroup;
			children = (
				1D325C16211018F70061CC35 /* CommonCrypto.framework */,
				1D2C1A34208D89EE0077ECD7 /* Resolver.framework */,
				1D2C1A32208D89E60077ECD7 /* Yaml.framework */,
				1D2C1A30208D89E10077ECD7 /* tun2socks.framework */,
				1D2C1A2E208D89DC0077ECD7 /* Sodium.framework */,
				1D2C1A2C208D89D60077ECD7 /* NEKit.framework */,
				1D2C1A2A208D89D30077ECD7 /* MMDB.framework */,
				1D2C1A28208D89CE0077ECD7 /* lwip.framework */,
				1D2C1A26208D89CC0077ECD7 /* CocoaLumberjackSwift.framework */,
				1D2C1A24208D89C50077ECD7 /* CocoaLumberjack.framework */,
				1D2C1A22208D89C10077ECD7 /* CocoaAsyncSocket.framework */,
				98FF1789151299B223B13359 /* Pods_SSFTodayWidget.framework */,
				F3EE6217980EFE6DDB0BFB41 /* Pods_ShadowsocksFree.framework */,
			);
			path = Frameworks;
			sourceTree = "<group>";
		};
		1D2C1A16208D89600077ECD7 /* PacketTunnel */ = {
			isa = PBXGroup;
			children = (
				1D2C1A17208D89600077ECD7 /* PacketTunnelProvider.swift */,
				1D2C1A19208D89600077ECD7 /* Info.plist */,
				1D2C1A1A208D89600077ECD7 /* PacketTunnel.entitlements */,
			);
			path = PacketTunnel;
			sourceTree = "<group>";
		};
		2A33CE9A1D1C0622000F652A /* Model */ = {
			isa = PBXGroup;
			children = (
				2A33CE9B1D1C0642000F652A /* Model.swift */,
			);
			path = Model;
			sourceTree = "<group>";
		};
		2A33CE9D1D1C067B000F652A /* ViewController */ = {
			isa = PBXGroup;
			children = (
				1DC407C01FCD51E300132269 /* GuideViewController.swift */,
				1D4055B11FFC7449004EAD04 /* SettingViewController.swift */,
				2A33CEA01D1C067B000F652A /* QRViewController.swift */,
				1DC407B41FCCEF4700132269 /* ViewController.swift */,
			);
			path = ViewController;
			sourceTree = "<group>";
		};
		2A33CEA61D1C06BE000F652A /* View */ = {
			isa = PBXGroup;
			children = (
				1DC407BD1FCCF79200132269 /* QRCollectionReusableHeaderView.swift */,
				1DC407BC1FCCF79100132269 /* QRCollectionReusableHeaderView.xib */,
				1DC407B91FCCF76200132269 /* QRCollectionViewCell.swift */,
				1DC407B81FCCF76100132269 /* QRCollectionViewCell.xib */,
				1D8D0A281FCBED0200DA470A /* HeaderView.swift */,
			);
			path = View;
			sourceTree = "<group>";
		};
		2A33CEB51D1C0711000F652A /* Tool */ = {
			isa = PBXGroup;
			children = (
				1D8C45A3209AFD7B00981751 /* Utils.h */,
				1D8C45A4209AFD7B00981751 /* Utils.m */,
				2A33CEB61D1C0711000F652A /* QRImageCreate.swift */,
				1D10D67D1FD7ECD00013C6EA /* AlertMSG.swift */,
				1D2A51522085923F006E4014 /* NetData.swift */,
				1D2C19EB208D84C80077ECD7 /* VPNManager.swift */,
				1D8C45A2209AFD7A00981751 /* ShadowsocksFree-Bridging-Header.h */,
			);
			path = Tool;
			sourceTree = "<group>";
		};
		2A520E271D5700CE0023F283 /* Resource */ = {
			isa = PBXGroup;
			children = (
				1D2C19ED208D85640077ECD7 /* NEKitRule.conf */,
				1DC407C61FCD5B9900132269 /* Localizable.strings */,
			);
			path = Resource;
			sourceTree = "<group>";
		};
		2AD282701CD8520800C4655E = {
			isa = PBXGroup;
			children = (
				1D2C1A16208D89600077ECD7 /* PacketTunnel */,
				1D2C1A08208D87520077ECD7 /* Frameworks */,
				2AD2827B1CD8520800C4655E /* ShadowsocksFree */,
				1D2A516D20859E4A006E4014 /* SSFTodayWidget */,
				2AD2827A1CD8520800C4655E /* Products */,
				49CDE42A6D9F863670ED9EFB /* Frameworks */,
				8F64B6EDB226140149B989A8 /* Pods */,
			);
			sourceTree = "<group>";
		};
		2AD2827A1CD8520800C4655E /* Products */ = {
			isa = PBXGroup;
			children = (
				2AD282791CD8520800C4655E /* ShadowsocksFree.app */,
				1D2A516B20859E4A006E4014 /* SSFTodayWidget.appex */,
				1D2C1A15208D89600077ECD7 /* PacketTunnel.appex */,
			);
			name = Products;
			sourceTree = "<group>";
		};
		2AD2827B1CD8520800C4655E /* ShadowsocksFree */ = {
			isa = PBXGroup;
			children = (
				1DC4B0192085A0D9003C70A1 /* ShadowsocksFree.entitlements */,
				2A520E271D5700CE0023F283 /* Resource */,
				2A33CEB51D1C0711000F652A /* Tool */,
				2A33CEA61D1C06BE000F652A /* View */,
				2A33CE9D1D1C067B000F652A /* ViewController */,
				2A33CE9A1D1C0622000F652A /* Model */,
				2AD2827C1CD8520800C4655E /* AppDelegate.swift */,
				2AD282801CD8520800C4655E /* Main.storyboard */,
				2AD282831CD8520800C4655E /* Assets.xcassets */,
				2AD282851CD8520800C4655E /* LaunchScreen.storyboard */,
				2AD282881CD8520800C4655E /* Info.plist */,
			);
			path = ShadowsocksFree;
			sourceTree = "<group>";
		};
		49CDE42A6D9F863670ED9EFB /* Frameworks */ = {
			isa = PBXGroup;
			children = (
				1D2C19E8208D83A70077ECD7 /* NetworkExtension.framework */,
				9DC121B21320A626A75E4D59 /* Pods.framework */,
				9BD2E2C0E986A5A63E924725 /* Pods_ShadowsocksFree.framework */,
				1D2A51402085909D006E4014 /* NotificationCenter.framework */,
				A45DAB4B4C36F9D90CC95E64 /* Pods_SSFTodayWidget.framework */,
			);
			name = Frameworks;
			sourceTree = "<group>";
		};
		8F64B6EDB226140149B989A8 /* Pods */ = {
			isa = PBXGroup;
			children = (
				9E9628EBA50EBD12EDA813B3 /* Pods-ShadowsocksFree.debug.xcconfig */,
				AC923A7DB871A38B57BD3C23 /* Pods-ShadowsocksFree.release.xcconfig */,
				7CE7C0EDB3D1CD2109DBF025 /* Pods-ShadowsocksFree-metadata.plist */,
				EC464DB1039552D724250DD9 /* Pods-SSFTodayWidget.debug.xcconfig */,
				6126DFC8F639F4724B69E146 /* Pods-SSFTodayWidget.release.xcconfig */,
				ED92785DF061CE45B1510C24 /* Pods-SSFTodayWidget-metadata.plist */,
			);
			name = Pods;
			sourceTree = "<group>";
		};
/* End PBXGroup section */

/* Begin PBXNativeTarget section */
		1D2A516A20859E4A006E4014 /* SSFTodayWidget */ = {
			isa = PBXNativeTarget;
			buildConfigurationList = 1D2A517720859E4A006E4014 /* Build configuration list for PBXNativeTarget "SSFTodayWidget" */;
			buildPhases = (
				D0BCAC4CCCDF005CD8EA5D4D /* [CP] Check Pods Manifest.lock */,
				1D2A516720859E4A006E4014 /* Sources */,
				1D2A516820859E4A006E4014 /* Frameworks */,
				1D2A516920859E4A006E4014 /* Resources */,
			);
			buildRules = (
			);
			dependencies = (
			);
			name = SSFTodayWidget;
			productName = SSFTodayWidget;
			productReference = 1D2A516B20859E4A006E4014 /* SSFTodayWidget.appex */;
			productType = "com.apple.product-type.app-extension";
		};
		1D2C1A14208D89600077ECD7 /* PacketTunnel */ = {
			isa = PBXNativeTarget;
			buildConfigurationList = 1D2C1A1E208D89600077ECD7 /* Build configuration list for PBXNativeTarget "PacketTunnel" */;
			buildPhases = (
				1D2C1A11208D89600077ECD7 /* Sources */,
				1D2C1A12208D89600077ECD7 /* Frameworks */,
				1D2C1A13208D89600077ECD7 /* Resources */,
				1D2C1A36208D8A7B0077ECD7 /* ShellScript */,
			);
			buildRules = (
			);
			dependencies = (
			);
			name = PacketTunnel;
			productName = PacketTunnel;
			productReference = 1D2C1A15208D89600077ECD7 /* PacketTunnel.appex */;
			productType = "com.apple.product-type.app-extension";
		};
		2AD282781CD8520800C4655E /* ShadowsocksFree */ = {
			isa = PBXNativeTarget;
			buildConfigurationList = 2AD282A11CD8520800C4655E /* Build configuration list for PBXNativeTarget "ShadowsocksFree" */;
			buildPhases = (
				69B8B32CF2073B98B82AD6B6 /* [CP] Check Pods Manifest.lock */,
				2AD282751CD8520800C4655E /* Sources */,
				2AD282761CD8520800C4655E /* Frameworks */,
				2AD282771CD8520800C4655E /* Resources */,
				3F2B30CC7A2EB4D65F7F06C0 /* [CP] Embed Pods Frameworks */,
				1D2A514F2085909D006E4014 /* Embed App Extensions */,
				1D2C19EA208D83DF0077ECD7 /* ShellScript */,
			);
			buildRules = (
			);
			dependencies = (
				1D2A517520859E4A006E4014 /* PBXTargetDependency */,
				1D2C1A1C208D89600077ECD7 /* PBXTargetDependency */,
			);
			name = ShadowsocksFree;
			productName = ShadowsocksFree;
			productReference = 2AD282791CD8520800C4655E /* ShadowsocksFree.app */;
			productType = "com.apple.product-type.application";
		};
/* End PBXNativeTarget section */

/* Begin PBXProject section */
		2AD282711CD8520800C4655E /* Project object */ = {
			isa = PBXProject;
			attributes = {
				LastSwiftUpdateCheck = 0930;
				LastUpgradeCheck = 1020;
				ORGANIZATIONNAME = "成璐飞";
				TargetAttributes = {
					1D2A516A20859E4A006E4014 = {
						CreatedOnToolsVersion = 9.3;
						DevelopmentTeam = C5WAW7Z979;
						LastSwiftMigration = 1020;
						ProvisioningStyle = Automatic;
						SystemCapabilities = {
							com.apple.ApplicationGroups.iOS = {
								enabled = 1;
							};
						};
					};
					1D2C1A14208D89600077ECD7 = {
						CreatedOnToolsVersion = 9.3;
						DevelopmentTeam = C5WAW7Z979;
						LastSwiftMigration = 1020;
						ProvisioningStyle = Automatic;
						SystemCapabilities = {
							com.apple.NetworkExtensions.iOS = {
								enabled = 1;
							};
							com.apple.VPNLite = {
								enabled = 1;
							};
						};
					};
					2AD282781CD8520800C4655E = {
						CreatedOnToolsVersion = 7.3;
						DevelopmentTeam = C5WAW7Z979;
						LastSwiftMigration = 1020;
						SystemCapabilities = {
							com.apple.ApplicationGroups.iOS = {
								enabled = 1;
							};
							com.apple.InAppPurchase = {
								enabled = 0;
							};
							com.apple.Keychain = {
								enabled = 0;
							};
							com.apple.NetworkExtensions.iOS = {
								enabled = 1;
							};
							com.apple.VPNLite = {
								enabled = 1;
							};
						};
					};
				};
			};
			buildConfigurationList = 2AD282741CD8520800C4655E /* Build configuration list for PBXProject "ShadowsocksFree" */;
			compatibilityVersion = "Xcode 3.2";
			developmentRegion = en;
			hasScannedForEncodings = 0;
			knownRegions = (
				en,
				Base,
				"zh-Hans",
			);
			mainGroup = 2AD282701CD8520800C4655E;
			productRefGroup = 2AD2827A1CD8520800C4655E /* Products */;
			projectDirPath = "";
			projectRoot = "";
			targets = (
				2AD282781CD8520800C4655E /* ShadowsocksFree */,
				1D2A516A20859E4A006E4014 /* SSFTodayWidget */,
				1D2C1A14208D89600077ECD7 /* PacketTunnel */,
			);
		};
/* End PBXProject section */

/* Begin PBXResourcesBuildPhase section */
		1D2A516920859E4A006E4014 /* Resources */ = {
			isa = PBXResourcesBuildPhase;
			buildActionMask = 2147483647;
			files = (
				1DC4B0212085C386003C70A1 /* CollectionViewCell.xib in Resources */,
				9D6B82CDAC9CD66BD5DD9513 /* Pods-SSFTodayWidget-metadata.plist in Resources */,
			);
			runOnlyForDeploymentPostprocessing = 0;
		};
		1D2C1A13208D89600077ECD7 /* Resources */ = {
			isa = PBXResourcesBuildPhase;
			buildActionMask = 2147483647;
			files = (
			);
			runOnlyForDeploymentPostprocessing = 0;
		};
		2AD282771CD8520800C4655E /* Resources */ = {
			isa = PBXResourcesBuildPhase;
			buildActionMask = 2147483647;
			files = (
				2AD282871CD8520800C4655E /* LaunchScreen.storyboard in Resources */,
				2AD282841CD8520800C4655E /* Assets.xcassets in Resources */,
				2AD282821CD8520800C4655E /* Main.storyboard in Resources */,
				1DC407C41FCD5B9900132269 /* Localizable.strings in Resources */,
				E989C101DA0FEE619AC011D7 /* Pods-ShadowsocksFree-metadata.plist in Resources */,
				1D2C19EE208D85640077ECD7 /* NEKitRule.conf in Resources */,
				1DC407BA1FCCF76200132269 /* QRCollectionViewCell.xib in Resources */,
				1DC407BE1FCCF79200132269 /* QRCollectionReusableHeaderView.xib in Resources */,
			);
			runOnlyForDeploymentPostprocessing = 0;
		};
/* End PBXResourcesBuildPhase section */

/* Begin PBXShellScriptBuildPhase section */
		1D2C19EA208D83DF0077ECD7 /* ShellScript */ = {
			isa = PBXShellScriptBuildPhase;
			buildActionMask = 2147483647;
			files = (
			);
			inputPaths = (
				"$(SRCROOT)/Carthage/Build/iOS/CocoaAsyncSocket.framework",
				"$(SRCROOT)/Carthage/Build/iOS/CocoaLumberjack.framework",
				"$(SRCROOT)/Carthage/Build/iOS/CocoaLumberjackSwift.framework",
				"$(SRCROOT)/Carthage/Build/iOS/lwip.framework",
				"$(SRCROOT)/Carthage/Build/iOS/MMDB.framework",
				"$(SRCROOT)/Carthage/Build/iOS/NEKit.framework",
				"$(SRCROOT)/Carthage/Build/iOS/Sodium.framework",
				"$(SRCROOT)/Carthage/Build/iOS/tun2socks.framework",
				"$(SRCROOT)/Carthage/Build/iOS/Yaml.framework",
				"$(SRCROOT)/Carthage/Build/iOS/Resolver.framework",
			);
			outputPaths = (
			);
			runOnlyForDeploymentPostprocessing = 0;
			shellPath = /bin/sh;
			shellScript = "/usr/local/bin/carthage copy-frameworks";
		};
		1D2C1A36208D8A7B0077ECD7 /* ShellScript */ = {
			isa = PBXShellScriptBuildPhase;
			buildActionMask = 2147483647;
			files = (
			);
			inputPaths = (
			);
			outputPaths = (
			);
			runOnlyForDeploymentPostprocessing = 0;
			shellPath = /bin/sh;
			shellScript = "if [ ! -e $PROJECT_DIR/Frameworks/$PLATFORM_NAME ] ; then\necho Generating $PROJECT_DIR/Frameworks/$(PLATFORM_NAME)/CommonCrypto.framework\nxcrun -sdk macosx swift ./ShadowsocksFree/GenerateCommonCryptoModule.swift $PLATFORM_NAME $PROJECT_DIR\nelse\necho Directory exists, skipping generation of $PROJECT_DIR/Frameworks/$(PLATFORM_NAME)/CommonCrypto.framework\nfi";
		};
		3F2B30CC7A2EB4D65F7F06C0 /* [CP] Embed Pods Frameworks */ = {
			isa = PBXShellScriptBuildPhase;
			buildActionMask = 2147483647;
			files = (
			);
			inputPaths = (
				"${PODS_ROOT}/Target Support Files/Pods-ShadowsocksFree/Pods-ShadowsocksFree-frameworks.sh",
				"${BUILT_PRODUCTS_DIR}/Alamofire/Alamofire.framework",
				"${BUILT_PRODUCTS_DIR}/Fuzi/Fuzi.framework",
				"${BUILT_PRODUCTS_DIR}/IBAnimatable/IBAnimatable.framework",
				"${BUILT_PRODUCTS_DIR}/MJRefresh/MJRefresh.framework",
				"${BUILT_PRODUCTS_DIR}/Realm/Realm.framework",
				"${BUILT_PRODUCTS_DIR}/RealmSwift/RealmSwift.framework",
				"${BUILT_PRODUCTS_DIR}/SVProgressHUD/SVProgressHUD.framework",
			);
			name = "[CP] Embed Pods Frameworks";
			outputPaths = (
				"${TARGET_BUILD_DIR}/${FRAMEWORKS_FOLDER_PATH}/Alamofire.framework",
				"${TARGET_BUILD_DIR}/${FRAMEWORKS_FOLDER_PATH}/Fuzi.framework",
				"${TARGET_BUILD_DIR}/${FRAMEWORKS_FOLDER_PATH}/IBAnimatable.framework",
				"${TARGET_BUILD_DIR}/${FRAMEWORKS_FOLDER_PATH}/MJRefresh.framework",
				"${TARGET_BUILD_DIR}/${FRAMEWORKS_FOLDER_PATH}/Realm.framework",
				"${TARGET_BUILD_DIR}/${FRAMEWORKS_FOLDER_PATH}/RealmSwift.framework",
				"${TARGET_BUILD_DIR}/${FRAMEWORKS_FOLDER_PATH}/SVProgressHUD.framework",
			);
			runOnlyForDeploymentPostprocessing = 0;
			shellPath = /bin/sh;
			shellScript = "\"${PODS_ROOT}/Target Support Files/Pods-ShadowsocksFree/Pods-ShadowsocksFree-frameworks.sh\"\n";
			showEnvVarsInLog = 0;
		};
		69B8B32CF2073B98B82AD6B6 /* [CP] Check Pods Manifest.lock */ = {
			isa = PBXShellScriptBuildPhase;
			buildActionMask = 2147483647;
			files = (
			);
			inputPaths = (
				"${PODS_PODFILE_DIR_PATH}/Podfile.lock",
				"${PODS_ROOT}/Manifest.lock",
			);
			name = "[CP] Check Pods Manifest.lock";
			outputPaths = (
				"$(DERIVED_FILE_DIR)/Pods-ShadowsocksFree-checkManifestLockResult.txt",
			);
			runOnlyForDeploymentPostprocessing = 0;
			shellPath = /bin/sh;
			shellScript = "diff \"${PODS_PODFILE_DIR_PATH}/Podfile.lock\" \"${PODS_ROOT}/Manifest.lock\" > /dev/null\nif [ $? != 0 ] ; then\n    # print error to STDERR\n    echo \"error: The sandbox is not in sync with the Podfile.lock. Run 'pod install' or update your CocoaPods installation.\" >&2\n    exit 1\nfi\n# This output is used by Xcode 'outputs' to avoid re-running this script phase.\necho \"SUCCESS\" > \"${SCRIPT_OUTPUT_FILE_0}\"\n";
			showEnvVarsInLog = 0;
		};
		D0BCAC4CCCDF005CD8EA5D4D /* [CP] Check Pods Manifest.lock */ = {
			isa = PBXShellScriptBuildPhase;
			buildActionMask = 2147483647;
			files = (
			);
			inputPaths = (
				"${PODS_PODFILE_DIR_PATH}/Podfile.lock",
				"${PODS_ROOT}/Manifest.lock",
			);
			name = "[CP] Check Pods Manifest.lock";
			outputPaths = (
				"$(DERIVED_FILE_DIR)/Pods-SSFTodayWidget-checkManifestLockResult.txt",
			);
			runOnlyForDeploymentPostprocessing = 0;
			shellPath = /bin/sh;
			shellScript = "diff \"${PODS_PODFILE_DIR_PATH}/Podfile.lock\" \"${PODS_ROOT}/Manifest.lock\" > /dev/null\nif [ $? != 0 ] ; then\n    # print error to STDERR\n    echo \"error: The sandbox is not in sync with the Podfile.lock. Run 'pod install' or update your CocoaPods installation.\" >&2\n    exit 1\nfi\n# This output is used by Xcode 'outputs' to avoid re-running this script phase.\necho \"SUCCESS\" > \"${SCRIPT_OUTPUT_FILE_0}\"\n";
			showEnvVarsInLog = 0;
		};
/* End PBXShellScriptBuildPhase section */

/* Begin PBXSourcesBuildPhase section */
		1D2A516720859E4A006E4014 /* Sources */ = {
			isa = PBXSourcesBuildPhase;
			buildActionMask = 2147483647;
			files = (
				1DC4B01B2085A190003C70A1 /* Model.swift in Sources */,
				1D2A516F20859E4A006E4014 /* TodayViewController.swift in Sources */,
				1DC4B0222085C386003C70A1 /* CollectionViewCell.swift in Sources */,
				1DC4B0182085A085003C70A1 /* NetData.swift in Sources */,
				1DC4B01E2085A396003C70A1 /* QRImageCreate.swift in Sources */,
			);
			runOnlyForDeploymentPostprocessing = 0;
		};
		1D2C1A11208D89600077ECD7 /* Sources */ = {
			isa = PBXSourcesBuildPhase;
			buildActionMask = 2147483647;
			files = (
				1D2C1A18208D89600077ECD7 /* PacketTunnelProvider.swift in Sources */,
			);
			runOnlyForDeploymentPostprocessing = 0;
		};
		2AD282751CD8520800C4655E /* Sources */ = {
			isa = PBXSourcesBuildPhase;
			buildActionMask = 2147483647;
			files = (
				1D2A51532085923F006E4014 /* NetData.swift in Sources */,
				1DC407BF1FCCF79200132269 /* QRCollectionReusableHeaderView.swift in Sources */,
				1D4055B21FFC7449004EAD04 /* SettingViewController.swift in Sources */,
				1DC407BB1FCCF76200132269 /* QRCollectionViewCell.swift in Sources */,
				1DC407C11FCD51E300132269 /* GuideViewController.swift in Sources */,
				1D8C45A5209AFD7B00981751 /* Utils.m in Sources */,
				2A33CEA41D1C067B000F652A /* QRViewController.swift in Sources */,
				1DC407B51FCCEF4700132269 /* ViewController.swift in Sources */,
				2A33CEB71D1C0711000F652A /* QRImageCreate.swift in Sources */,
				1D8D0A291FCBED0200DA470A /* HeaderView.swift in Sources */,
				1D10D67E1FD7ECD00013C6EA /* AlertMSG.swift in Sources */,
				2AD2827D1CD8520800C4655E /* AppDelegate.swift in Sources */,
				1D2C19EC208D84C80077ECD7 /* VPNManager.swift in Sources */,
				2A33CE9C1D1C0642000F652A /* Model.swift in Sources */,
			);
			runOnlyForDeploymentPostprocessing = 0;
		};
/* End PBXSourcesBuildPhase section */

/* Begin PBXTargetDependency section */
		1D2A517520859E4A006E4014 /* PBXTargetDependency */ = {
			isa = PBXTargetDependency;
			target = 1D2A516A20859E4A006E4014 /* SSFTodayWidget */;
			targetProxy = 1D2A517420859E4A006E4014 /* PBXContainerItemProxy */;
		};
		1D2C1A1C208D89600077ECD7 /* PBXTargetDependency */ = {
			isa = PBXTargetDependency;
			target = 1D2C1A14208D89600077ECD7 /* PacketTunnel */;
			targetProxy = 1D2C1A1B208D89600077ECD7 /* PBXContainerItemProxy */;
		};
/* End PBXTargetDependency section */

/* Begin PBXVariantGroup section */
		1DC407C61FCD5B9900132269 /* Localizable.strings */ = {
			isa = PBXVariantGroup;
			children = (
				1DC407C51FCD5B9900132269 /* en */,
				1DC407CB1FCD5C6600132269 /* zh-Hans */,
			);
			name = Localizable.strings;
			sourceTree = "<group>";
		};
		2AD282801CD8520800C4655E /* Main.storyboard */ = {
			isa = PBXVariantGroup;
			children = (
				2AD282811CD8520800C4655E /* Base */,
			);
			name = Main.storyboard;
			sourceTree = "<group>";
		};
		2AD282851CD8520800C4655E /* LaunchScreen.storyboard */ = {
			isa = PBXVariantGroup;
			children = (
				2AD282861CD8520800C4655E /* Base */,
			);
			name = LaunchScreen.storyboard;
			sourceTree = "<group>";
		};
/* End PBXVariantGroup section */

/* Begin XCBuildConfiguration section */
		1D2A517820859E4A006E4014 /* Debug */ = {
			isa = XCBuildConfiguration;
			baseConfigurationReference = EC464DB1039552D724250DD9 /* Pods-SSFTodayWidget.debug.xcconfig */;
			buildSettings = {
				CLANG_ANALYZER_NUMBER_OBJECT_CONVERSION = YES_AGGRESSIVE;
				CLANG_CXX_LANGUAGE_STANDARD = "gnu++14";
				CLANG_ENABLE_OBJC_WEAK = YES;
				CLANG_WARN_DOCUMENTATION_COMMENTS = YES;
				CLANG_WARN_UNGUARDED_AVAILABILITY = YES_AGGRESSIVE;
				CODE_SIGN_ENTITLEMENTS = SSFTodayWidget/SSFTodayWidget.entitlements;
				CODE_SIGN_IDENTITY = "iPhone Developer";
				"CODE_SIGN_IDENTITY[sdk=iphoneos*]" = "iPhone Developer";
				CODE_SIGN_STYLE = Automatic;
				DEVELOPMENT_TEAM = C5WAW7Z979;
				GCC_C_LANGUAGE_STANDARD = gnu11;
				INFOPLIST_FILE = SSFTodayWidget/Info.plist;
				IPHONEOS_DEPLOYMENT_TARGET = 11.3;
				LD_RUNPATH_SEARCH_PATHS = "$(inherited) @executable_path/Frameworks @executable_path/../../Frameworks";
				PRODUCT_BUNDLE_IDENTIFIER = tech.chengluffy.shadowsocksfree.SSFTodayWidget;
				PRODUCT_NAME = "$(TARGET_NAME)";
				SKIP_INSTALL = YES;
				SWIFT_ACTIVE_COMPILATION_CONDITIONS = DEBUG;
				SWIFT_OBJC_BRIDGING_HEADER = "";
				SWIFT_VERSION = 5.0;
				TARGETED_DEVICE_FAMILY = "1,2";
			};
			name = Debug;
		};
		1D2A517920859E4A006E4014 /* Release */ = {
			isa = XCBuildConfiguration;
			baseConfigurationReference = 6126DFC8F639F4724B69E146 /* Pods-SSFTodayWidget.release.xcconfig */;
			buildSettings = {
				CLANG_ANALYZER_NUMBER_OBJECT_CONVERSION = YES_AGGRESSIVE;
				CLANG_CXX_LANGUAGE_STANDARD = "gnu++14";
				CLANG_ENABLE_OBJC_WEAK = YES;
				CLANG_WARN_DOCUMENTATION_COMMENTS = YES;
				CLANG_WARN_UNGUARDED_AVAILABILITY = YES_AGGRESSIVE;
				CODE_SIGN_ENTITLEMENTS = SSFTodayWidget/SSFTodayWidget.entitlements;
				CODE_SIGN_IDENTITY = "iPhone Developer";
				"CODE_SIGN_IDENTITY[sdk=iphoneos*]" = "iPhone Developer";
				CODE_SIGN_STYLE = Automatic;
				DEVELOPMENT_TEAM = C5WAW7Z979;
				GCC_C_LANGUAGE_STANDARD = gnu11;
				INFOPLIST_FILE = SSFTodayWidget/Info.plist;
				IPHONEOS_DEPLOYMENT_TARGET = 11.3;
				LD_RUNPATH_SEARCH_PATHS = "$(inherited) @executable_path/Frameworks @executable_path/../../Frameworks";
				PRODUCT_BUNDLE_IDENTIFIER = tech.chengluffy.shadowsocksfree.SSFTodayWidget;
				PRODUCT_NAME = "$(TARGET_NAME)";
				SKIP_INSTALL = YES;
				SWIFT_OBJC_BRIDGING_HEADER = "";
				SWIFT_VERSION = 5.0;
				TARGETED_DEVICE_FAMILY = "1,2";
			};
			name = Release;
		};
		1D2C1A1F208D89600077ECD7 /* Debug */ = {
			isa = XCBuildConfiguration;
			buildSettings = {
				CLANG_ANALYZER_NUMBER_OBJECT_CONVERSION = YES_AGGRESSIVE;
				CLANG_CXX_LANGUAGE_STANDARD = "gnu++14";
				CLANG_ENABLE_OBJC_WEAK = YES;
				CLANG_WARN_DOCUMENTATION_COMMENTS = YES;
				CLANG_WARN_UNGUARDED_AVAILABILITY = YES_AGGRESSIVE;
				CODE_SIGN_ENTITLEMENTS = PacketTunnel/PacketTunnel.entitlements;
				CODE_SIGN_IDENTITY = "iPhone Developer";
				"CODE_SIGN_IDENTITY[sdk=iphoneos*]" = "iPhone Developer";
				CODE_SIGN_STYLE = Automatic;
				DEVELOPMENT_TEAM = C5WAW7Z979;
				FRAMEWORK_SEARCH_PATHS = (
					"$(inherited)",
					"$(PROJECT_DIR)/Carthage/Build/iOS",
				);
				GCC_C_LANGUAGE_STANDARD = gnu11;
				INFOPLIST_FILE = PacketTunnel/Info.plist;
				IPHONEOS_DEPLOYMENT_TARGET = 11.3;
				LD_RUNPATH_SEARCH_PATHS = "$(inherited) @executable_path/Frameworks @executable_path/../../Frameworks";
				PRODUCT_BUNDLE_IDENTIFIER = tech.chengluffy.shadowsocksfree.PacketTunnel;
				PRODUCT_NAME = "$(TARGET_NAME)";
				SKIP_INSTALL = YES;
				SWIFT_ACTIVE_COMPILATION_CONDITIONS = DEBUG;
				SWIFT_VERSION = 5.0;
				TARGETED_DEVICE_FAMILY = "1,2";
			};
			name = Debug;
		};
		1D2C1A20208D89600077ECD7 /* Release */ = {
			isa = XCBuildConfiguration;
			buildSettings = {
				CLANG_ANALYZER_NUMBER_OBJECT_CONVERSION = YES_AGGRESSIVE;
				CLANG_CXX_LANGUAGE_STANDARD = "gnu++14";
				CLANG_ENABLE_OBJC_WEAK = YES;
				CLANG_WARN_DOCUMENTATION_COMMENTS = YES;
				CLANG_WARN_UNGUARDED_AVAILABILITY = YES_AGGRESSIVE;
				CODE_SIGN_ENTITLEMENTS = PacketTunnel/PacketTunnel.entitlements;
				CODE_SIGN_IDENTITY = "iPhone Developer";
				"CODE_SIGN_IDENTITY[sdk=iphoneos*]" = "iPhone Developer";
				CODE_SIGN_STYLE = Automatic;
				DEVELOPMENT_TEAM = C5WAW7Z979;
				FRAMEWORK_SEARCH_PATHS = (
					"$(inherited)",
					"$(PROJECT_DIR)/Carthage/Build/iOS",
				);
				GCC_C_LANGUAGE_STANDARD = gnu11;
				INFOPLIST_FILE = PacketTunnel/Info.plist;
				IPHONEOS_DEPLOYMENT_TARGET = 11.3;
				LD_RUNPATH_SEARCH_PATHS = "$(inherited) @executable_path/Frameworks @executable_path/../../Frameworks";
				PRODUCT_BUNDLE_IDENTIFIER = tech.chengluffy.shadowsocksfree.PacketTunnel;
				PRODUCT_NAME = "$(TARGET_NAME)";
				SKIP_INSTALL = YES;
				SWIFT_VERSION = 5.0;
				TARGETED_DEVICE_FAMILY = "1,2";
			};
			name = Release;
		};
		2AD2829F1CD8520800C4655E /* Debug */ = {
			isa = XCBuildConfiguration;
			buildSettings = {
				ALWAYS_SEARCH_USER_PATHS = NO;
				CLANG_ANALYZER_LOCALIZABILITY_NONLOCALIZED = YES;
				CLANG_ANALYZER_NONNULL = YES;
				CLANG_CXX_LANGUAGE_STANDARD = "gnu++0x";
				CLANG_CXX_LIBRARY = "libc++";
				CLANG_ENABLE_MODULES = YES;
				CLANG_ENABLE_OBJC_ARC = YES;
				CLANG_WARN_BLOCK_CAPTURE_AUTORELEASING = YES;
				CLANG_WARN_BOOL_CONVERSION = YES;
				CLANG_WARN_COMMA = YES;
				CLANG_WARN_CONSTANT_CONVERSION = YES;
				CLANG_WARN_DEPRECATED_OBJC_IMPLEMENTATIONS = YES;
				CLANG_WARN_DIRECT_OBJC_ISA_USAGE = YES_ERROR;
				CLANG_WARN_EMPTY_BODY = YES;
				CLANG_WARN_ENUM_CONVERSION = YES;
				CLANG_WARN_INFINITE_RECURSION = YES;
				CLANG_WARN_INT_CONVERSION = YES;
				CLANG_WARN_NON_LITERAL_NULL_CONVERSION = YES;
				CLANG_WARN_OBJC_IMPLICIT_RETAIN_SELF = YES;
				CLANG_WARN_OBJC_LITERAL_CONVERSION = YES;
				CLANG_WARN_OBJC_ROOT_CLASS = YES_ERROR;
				CLANG_WARN_RANGE_LOOP_ANALYSIS = YES;
				CLANG_WARN_STRICT_PROTOTYPES = YES;
				CLANG_WARN_SUSPICIOUS_MOVE = YES;
				CLANG_WARN_UNREACHABLE_CODE = YES;
				CLANG_WARN__DUPLICATE_METHOD_MATCH = YES;
				"CODE_SIGN_IDENTITY[sdk=iphoneos*]" = "iPhone Developer";
				COPY_PHASE_STRIP = NO;
				DEBUG_INFORMATION_FORMAT = dwarf;
				ENABLE_STRICT_OBJC_MSGSEND = YES;
				ENABLE_TESTABILITY = YES;
				GCC_C_LANGUAGE_STANDARD = gnu99;
				GCC_DYNAMIC_NO_PIC = NO;
				GCC_NO_COMMON_BLOCKS = YES;
				GCC_OPTIMIZATION_LEVEL = 0;
				GCC_PREPROCESSOR_DEFINITIONS = (
					"DEBUG=1",
					"$(inherited)",
				);
				GCC_WARN_64_TO_32_BIT_CONVERSION = YES;
				GCC_WARN_ABOUT_RETURN_TYPE = YES_ERROR;
				GCC_WARN_UNDECLARED_SELECTOR = YES;
				GCC_WARN_UNINITIALIZED_AUTOS = YES_AGGRESSIVE;
				GCC_WARN_UNUSED_FUNCTION = YES;
				GCC_WARN_UNUSED_VARIABLE = YES;
				IPHONEOS_DEPLOYMENT_TARGET = 9.3;
				MTL_ENABLE_DEBUG_INFO = YES;
				ONLY_ACTIVE_ARCH = YES;
				SDKROOT = iphoneos;
				SWIFT_OPTIMIZATION_LEVEL = "-Onone";
				SWIFT_VERSION = 4.0;
				TARGETED_DEVICE_FAMILY = "1,2";
			};
			name = Debug;
		};
		2AD282A01CD8520800C4655E /* Release */ = {
			isa = XCBuildConfiguration;
			buildSettings = {
				ALWAYS_SEARCH_USER_PATHS = NO;
				CLANG_ANALYZER_LOCALIZABILITY_NONLOCALIZED = YES;
				CLANG_ANALYZER_NONNULL = YES;
				CLANG_CXX_LANGUAGE_STANDARD = "gnu++0x";
				CLANG_CXX_LIBRARY = "libc++";
				CLANG_ENABLE_MODULES = YES;
				CLANG_ENABLE_OBJC_ARC = YES;
				CLANG_WARN_BLOCK_CAPTURE_AUTORELEASING = YES;
				CLANG_WARN_BOOL_CONVERSION = YES;
				CLANG_WARN_COMMA = YES;
				CLANG_WARN_CONSTANT_CONVERSION = YES;
				CLANG_WARN_DEPRECATED_OBJC_IMPLEMENTATIONS = YES;
				CLANG_WARN_DIRECT_OBJC_ISA_USAGE = YES_ERROR;
				CLANG_WARN_EMPTY_BODY = YES;
				CLANG_WARN_ENUM_CONVERSION = YES;
				CLANG_WARN_INFINITE_RECURSION = YES;
				CLANG_WARN_INT_CONVERSION = YES;
				CLANG_WARN_NON_LITERAL_NULL_CONVERSION = YES;
				CLANG_WARN_OBJC_IMPLICIT_RETAIN_SELF = YES;
				CLANG_WARN_OBJC_LITERAL_CONVERSION = YES;
				CLANG_WARN_OBJC_ROOT_CLASS = YES_ERROR;
				CLANG_WARN_RANGE_LOOP_ANALYSIS = YES;
				CLANG_WARN_STRICT_PROTOTYPES = YES;
				CLANG_WARN_SUSPICIOUS_MOVE = YES;
				CLANG_WARN_UNREACHABLE_CODE = YES;
				CLANG_WARN__DUPLICATE_METHOD_MATCH = YES;
				"CODE_SIGN_IDENTITY[sdk=iphoneos*]" = "iPhone Developer";
				COPY_PHASE_STRIP = NO;
				DEBUG_INFORMATION_FORMAT = "dwarf-with-dsym";
				ENABLE_NS_ASSERTIONS = NO;
				ENABLE_STRICT_OBJC_MSGSEND = YES;
				GCC_C_LANGUAGE_STANDARD = gnu99;
				GCC_NO_COMMON_BLOCKS = YES;
				GCC_WARN_64_TO_32_BIT_CONVERSION = YES;
				GCC_WARN_ABOUT_RETURN_TYPE = YES_ERROR;
				GCC_WARN_UNDECLARED_SELECTOR = YES;
				GCC_WARN_UNINITIALIZED_AUTOS = YES_AGGRESSIVE;
				GCC_WARN_UNUSED_FUNCTION = YES;
				GCC_WARN_UNUSED_VARIABLE = YES;
				IPHONEOS_DEPLOYMENT_TARGET = 9.3;
				MTL_ENABLE_DEBUG_INFO = NO;
				SDKROOT = iphoneos;
				SWIFT_OPTIMIZATION_LEVEL = "-Owholemodule";
				SWIFT_VERSION = 4.0;
				TARGETED_DEVICE_FAMILY = "1,2";
				VALIDATE_PRODUCT = YES;
			};
			name = Release;
		};
		2AD282A21CD8520800C4655E /* Debug */ = {
			isa = XCBuildConfiguration;
			baseConfigurationReference = 9E9628EBA50EBD12EDA813B3 /* Pods-ShadowsocksFree.debug.xcconfig */;
			buildSettings = {
				ALWAYS_EMBED_SWIFT_STANDARD_LIBRARIES = YES;
				ASSETCATALOG_COMPILER_APPICON_NAME = AppIcon;
				CLANG_ENABLE_MODULES = YES;
				CODE_SIGN_ENTITLEMENTS = ShadowsocksFree/ShadowsocksFree.entitlements;
				CODE_SIGN_IDENTITY = "iPhone Developer";
				"CODE_SIGN_IDENTITY[sdk=iphoneos*]" = "iPhone Developer";
				DEVELOPMENT_TEAM = C5WAW7Z979;
				FRAMEWORK_SEARCH_PATHS = (
					"$(inherited)",
					"$(PROJECT_DIR)/Frameworks/iphoneos",
					"$(PROJECT_DIR)/Frameworks/iphonesimulator",
				);
				INFOPLIST_FILE = ShadowsocksFree/Info.plist;
				IPHONEOS_DEPLOYMENT_TARGET = 9.0;
				LD_RUNPATH_SEARCH_PATHS = "$(inherited) @executable_path/Frameworks";
				LLVM_LTO = NO;
				NEW_SETTING = "";
				OTHER_SWIFT_FLAGS = "$(inherited) \"-D\" \"COCOAPODS\" -D DEBUG";
				PRODUCT_BUNDLE_IDENTIFIER = tech.chengluffy.shadowsocksfree;
				PRODUCT_NAME = "$(TARGET_NAME)";
				PROVISIONING_PROFILE = "";
				SWIFT_OBJC_BRIDGING_HEADER = "ShadowsocksFree/Tool/ShadowsocksFree-Bridging-Header.h";
				SWIFT_OPTIMIZATION_LEVEL = "-Onone";
				SWIFT_VERSION = 5.0;
				TARGETED_DEVICE_FAMILY = 1;
				VERSIONING_SYSTEM = "";
			};
			name = Debug;
		};
		2AD282A31CD8520800C4655E /* Release */ = {
			isa = XCBuildConfiguration;
			baseConfigurationReference = AC923A7DB871A38B57BD3C23 /* Pods-ShadowsocksFree.release.xcconfig */;
			buildSettings = {
				ALWAYS_EMBED_SWIFT_STANDARD_LIBRARIES = YES;
				ASSETCATALOG_COMPILER_APPICON_NAME = AppIcon;
				CLANG_ENABLE_MODULES = YES;
				CODE_SIGN_ENTITLEMENTS = ShadowsocksFree/ShadowsocksFree.entitlements;
				CODE_SIGN_IDENTITY = "iPhone Developer";
				"CODE_SIGN_IDENTITY[sdk=iphoneos*]" = "iPhone Developer";
				DEVELOPMENT_TEAM = C5WAW7Z979;
				FRAMEWORK_SEARCH_PATHS = (
					"$(inherited)",
					"$(PROJECT_DIR)/Frameworks/iphoneos",
					"$(PROJECT_DIR)/Frameworks/iphonesimulator",
				);
				INFOPLIST_FILE = ShadowsocksFree/Info.plist;
				IPHONEOS_DEPLOYMENT_TARGET = 9.0;
				LD_RUNPATH_SEARCH_PATHS = "$(inherited) @executable_path/Frameworks";
				LLVM_LTO = NO;
				NEW_SETTING = "";
				OTHER_SWIFT_FLAGS = "$(inherited) \"-D\" \"COCOAPODS\" -D DEBUG";
				PRODUCT_BUNDLE_IDENTIFIER = tech.chengluffy.shadowsocksfree;
				PRODUCT_NAME = "$(TARGET_NAME)";
				PROVISIONING_PROFILE = "";
				SWIFT_OBJC_BRIDGING_HEADER = "ShadowsocksFree/Tool/ShadowsocksFree-Bridging-Header.h";
				SWIFT_VERSION = 5.0;
				TARGETED_DEVICE_FAMILY = 1;
				VERSIONING_SYSTEM = "";
			};
			name = Release;
		};
/* End XCBuildConfiguration section */

/* Begin XCConfigurationList section */
		1D2A517720859E4A006E4014 /* Build configuration list for PBXNativeTarget "SSFTodayWidget" */ = {
			isa = XCConfigurationList;
			buildConfigurations = (
				1D2A517820859E4A006E4014 /* Debug */,
				1D2A517920859E4A006E4014 /* Release */,
			);
			defaultConfigurationIsVisible = 0;
			defaultConfigurationName = Release;
		};
		1D2C1A1E208D89600077ECD7 /* Build configuration list for PBXNativeTarget "PacketTunnel" */ = {
			isa = XCConfigurationList;
			buildConfigurations = (
				1D2C1A1F208D89600077ECD7 /* Debug */,
				1D2C1A20208D89600077ECD7 /* Release */,
			);
			defaultConfigurationIsVisible = 0;
			defaultConfigurationName = Release;
		};
		2AD282741CD8520800C4655E /* Build configuration list for PBXProject "ShadowsocksFree" */ = {
			isa = XCConfigurationList;
			buildConfigurations = (
				2AD2829F1CD8520800C4655E /* Debug */,
				2AD282A01CD8520800C4655E /* Release */,
			);
			defaultConfigurationIsVisible = 0;
			defaultConfigurationName = Release;
		};
		2AD282A11CD8520800C4655E /* Build configuration list for PBXNativeTarget "ShadowsocksFree" */ = {
			isa = XCConfigurationList;
			buildConfigurations = (
				2AD282A21CD8520800C4655E /* Debug */,
				2AD282A31CD8520800C4655E /* Release */,
			);
			defaultConfigurationIsVisible = 0;
			defaultConfigurationName = Release;
		};
/* End XCConfigurationList section */
	};
	rootObject = 2AD282711CD8520800C4655E /* Project object */;
}
